
Microsoft Visual Studio Solution File, Format Version 12.00
# Visual Studio 14
VisualStudioVersion = 14.0.25420.1
MinimumVisualStudioVersion = 10.0.40219.1
Project("{2150E333-8FDC-42A3-9474-1A3956D46DE8}") = "Add-Ons", "Add-Ons", "{682CB5A7-E391-47FA-8174-8F0A812E8D11}"
EndProject
Project("{2150E333-8FDC-42A3-9474-1A3956D46DE8}") = "Applications", "Applications", "{3453F6D2-EE01-4425-8E68-21AB9A8FD979}"
EndProject
Project("{2150E333-8FDC-42A3-9474-1A3956D46DE8}") = "Lib", "Lib", "{ED62306B-E115-4E58-9620-282950887BE5}"
EndProject
Project("{2150E333-8FDC-42A3-9474-1A3956D46DE8}") = "WebSites", "WebSites", "{5DD3B83B-E310-4BB8-970C-AB683C42F937}"
EndProject
Project("{2150E333-8FDC-42A3-9474-1A3956D46DE8}") = "CommonFunc4Web", "CommonFunc4Web", "{121A6BDE-B572-46ED-8D7A-73EE2E2CED42}"
EndProject
Project("{2150E333-8FDC-42A3-9474-1A3956D46DE8}") = "Solution Items", "Solution Items", "{373BFA43-2835-4D82-9042-6BC33AD8459B}"
EndProject
Project("{2150E333-8FDC-42A3-9474-1A3956D46DE8}") = "WebService", "WebService", "{9B44EC64-5A29-4F5C-A7CD-C2559E9F57FC}"
EndProject
Project("{2150E333-8FDC-42A3-9474-1A3956D46DE8}") = "Applications2", "Applications2", "{DEDA1A87-D358-46B1-903C-52B8F9A396A1}"
EndProject
Project("{2150E333-8FDC-42A3-9474-1A3956D46DE8}") = "SilverLight", "SilverLight", "{EE8D61A1-AC6F-4C03-B143-3318A1D0319B}"
EndProject
Project("{2150E333-8FDC-42A3-9474-1A3956D46DE8}") = "WinApp", "WinApp", "{27632906-1FB6-43E2-A3BB-37E762CFF003}"
EndProject
Project("{2150E333-8FDC-42A3-9474-1A3956D46DE8}") = "CommFunc4Win", "CommFunc4Win", "{A77AC177-4106-4D74-ADC1-E8F92C14A817}"
EndProject
Project("{FAE04EC0-301F-11D3-BF4B-00C04F79EFBC}") = "AGC_Logic", "AGC_Logic\AGC_Logic.csproj", "{2D52D567-37FF-4145-A9C8-9E84FBCF6001}"
EndProject
Project("{FAE04EC0-301F-11D3-BF4B-00C04F79EFBC}") = "GeneMenu", "GeneMenu\GeneMenu.csproj", "{149890DC-CAB6-42ED-B269-D7D0DCA78E22}"
EndProject
Project("{FAE04EC0-301F-11D3-BF4B-00C04F79EFBC}") = "AGC_LogicEx", "AGC_LogicEx\AGC_LogicEx.csproj", "{B00DAF58-933E-4BC5-AAB4-8D30398E1502}"
EndProject
Project("{FAE04EC0-301F-11D3-BF4B-00C04F79EFBC}") = "AgcEN", "AgcEN\AgcEN.csproj", "{5DE8E2B4-6932-4F71-BAC7-87221670C657}"
EndProject
Project("{FAE04EC0-301F-11D3-BF4B-00C04F79EFBC}") = "AgcDA", "AgcDA\AgcDA.csproj", "{5D01006B-50AF-4DBD-AA5F-42321F5E304A}"
EndProject
Project("{FAE04EC0-301F-11D3-BF4B-00C04F79EFBC}") = "AgcBusinessLogic", "AgcLogic\AgcBusinessLogic.csproj", "{9B9C6C41-D261-4608-A0BD-8F9B8566E85A}"
EndProject
Project("{FAE04EC0-301F-11D3-BF4B-00C04F79EFBC}") = "TzCommWebServerCtrlLib", "..\TzCommWebServerCtrlLib\TzCommWebServerCtrlLib.csproj", "{C0FAEA1D-8832-4A98-9E46-EB23794D1F39}"
EndProject
Project("{FAE04EC0-301F-11D3-BF4B-00C04F79EFBC}") = "Agc_CsV7Win", "Agc_CsV7Win\Agc_CsV7Win.csproj", "{6F39A70A-0594-4552-B777-F360BC2518AD}"
EndProject
Project("{FAE04EC0-301F-11D3-BF4B-00C04F79EFBC}") = "MyRequestFilter", "..\..\BaseClass2005\MyRequestFilter\MyRequestFilter.csproj", "{DC9B9F27-6BFF-44E7-90D8-9F06977D2186}"
EndProject
Project("{6141683F-8A12-4E36-9623-2EB02B2C2303}") = "Agc_CsWinSetup2", "Agc_CsWinSetup2\Agc_CsWinSetup2.isproj", "{CA50F317-752A-48D6-BA1D-F952BD02BEC0}"
	ProjectSection(ProjectDependencies) = postProject
		{6F39A70A-0594-4552-B777-F360BC2518AD} = {6F39A70A-0594-4552-B777-F360BC2518AD}
	EndProjectSection
EndProject
Project("{FAE04EC0-301F-11D3-BF4B-00C04F79EFBC}") = "AgcBusinessLogicEx", "AgcBusinessLogicEx\AgcBusinessLogicEx.csproj", "{876EDADE-754A-48B4-9E5C-37EA7B9E684C}"
EndProject
Project("{FAE04EC0-301F-11D3-BF4B-00C04F79EFBC}") = "Agc_CsV8WebSite", "Agc_CsV8WebSite\Agc_CsV8WebSite.csproj", "{1614023B-A9F0-4EB5-8999-58A63CBB1249}"
EndProject
Project("{FAE04EC0-301F-11D3-BF4B-00C04F79EFBC}") = "Agc_CsV7WinV2", "Agc_CsV7WinV2\Agc_CsV7WinV2.csproj", "{05441D7E-3923-4E32-A620-9F6D8A0CB0F5}"
EndProject
Project("{FAE04EC0-301F-11D3-BF4B-00C04F79EFBC}") = "TestWS", "TestWS\TestWS.csproj", "{BC5D1DD0-C45F-4FC3-A686-9B1B349AE797}"
EndProject
Global
	GlobalSection(SolutionConfigurationPlatforms) = preSolution
		CD_ROM|.NET = CD_ROM|.NET
		CD_ROM|Any CPU = CD_ROM|Any CPU
		CD_ROM|Mixed Platforms = CD_ROM|Mixed Platforms
		CD_ROM|x86 = CD_ROM|x86
		Debug|.NET = Debug|.NET
		Debug|Any CPU = Debug|Any CPU
		Debug|Mixed Platforms = Debug|Mixed Platforms
		Debug|x86 = Debug|x86
		DVD-5|.NET = DVD-5|.NET
		DVD-5|Any CPU = DVD-5|Any CPU
		DVD-5|Mixed Platforms = DVD-5|Mixed Platforms
		DVD-5|x86 = DVD-5|x86
		Release|.NET = Release|.NET
		Release|Any CPU = Release|Any CPU
		Release|Mixed Platforms = Release|Mixed Platforms
		Release|x86 = Release|x86
		SingleImage|.NET = SingleImage|.NET
		SingleImage|Any CPU = SingleImage|Any CPU
		SingleImage|Mixed Platforms = SingleImage|Mixed Platforms
		SingleImage|x86 = SingleImage|x86
	EndGlobalSection
	GlobalSection(ProjectConfigurationPlatforms) = postSolution
		{2D52D567-37FF-4145-A9C8-9E84FBCF6001}.CD_ROM|.NET.ActiveCfg = Release|Any CPU
		{2D52D567-37FF-4145-A9C8-9E84FBCF6001}.CD_ROM|Any CPU.ActiveCfg = Release|Any CPU
		{2D52D567-37FF-4145-A9C8-9E84FBCF6001}.CD_ROM|Any CPU.Build.0 = Release|Any CPU
		{2D52D567-37FF-4145-A9C8-9E84FBCF6001}.CD_ROM|Mixed Platforms.ActiveCfg = Release|Any CPU
		{2D52D567-37FF-4145-A9C8-9E84FBCF6001}.CD_ROM|Mixed Platforms.Build.0 = Release|Any CPU
		{2D52D567-37FF-4145-A9C8-9E84FBCF6001}.CD_ROM|x86.ActiveCfg = Release|Any CPU
		{2D52D567-37FF-4145-A9C8-9E84FBCF6001}.Debug|.NET.ActiveCfg = Debug|Any CPU
		{2D52D567-37FF-4145-A9C8-9E84FBCF6001}.Debug|Any CPU.ActiveCfg = Debug|Any CPU
		{2D52D567-37FF-4145-A9C8-9E84FBCF6001}.Debug|Any CPU.Build.0 = Debug|Any CPU
		{2D52D567-37FF-4145-A9C8-9E84FBCF6001}.Debug|Mixed Platforms.ActiveCfg = Debug|Any CPU
		{2D52D567-37FF-4145-A9C8-9E84FBCF6001}.Debug|Mixed Platforms.Build.0 = Debug|Any CPU
		{2D52D567-37FF-4145-A9C8-9E84FBCF6001}.Debug|x86.ActiveCfg = Debug|Any CPU
		{2D52D567-37FF-4145-A9C8-9E84FBCF6001}.DVD-5|.NET.ActiveCfg = Debug|Any CPU
		{2D52D567-37FF-4145-A9C8-9E84FBCF6001}.DVD-5|Any CPU.ActiveCfg = Debug|Any CPU
		{2D52D567-37FF-4145-A9C8-9E84FBCF6001}.DVD-5|Any CPU.Build.0 = Debug|Any CPU
		{2D52D567-37FF-4145-A9C8-9E84FBCF6001}.DVD-5|Mixed Platforms.ActiveCfg = Debug|Any CPU
		{2D52D567-37FF-4145-A9C8-9E84FBCF6001}.DVD-5|Mixed Platforms.Build.0 = Debug|Any CPU
		{2D52D567-37FF-4145-A9C8-9E84FBCF6001}.DVD-5|x86.ActiveCfg = Debug|Any CPU
		{2D52D567-37FF-4145-A9C8-9E84FBCF6001}.Release|.NET.ActiveCfg = Release|Any CPU
		{2D52D567-37FF-4145-A9C8-9E84FBCF6001}.Release|Any CPU.ActiveCfg = Release|Any CPU
		{2D52D567-37FF-4145-A9C8-9E84FBCF6001}.Release|Any CPU.Build.0 = Release|Any CPU
		{2D52D567-37FF-4145-A9C8-9E84FBCF6001}.Release|Mixed Platforms.ActiveCfg = Release|Any CPU
		{2D52D567-37FF-4145-A9C8-9E84FBCF6001}.Release|Mixed Platforms.Build.0 = Release|Any CPU
		{2D52D567-37FF-4145-A9C8-9E84FBCF6001}.Release|x86.ActiveCfg = Release|Any CPU
		{2D52D567-37FF-4145-A9C8-9E84FBCF6001}.SingleImage|.NET.ActiveCfg = Release|Any CPU
		{2D52D567-37FF-4145-A9C8-9E84FBCF6001}.SingleImage|Any CPU.ActiveCfg = Release|Any CPU
		{2D52D567-37FF-4145-A9C8-9E84FBCF6001}.SingleImage|Any CPU.Build.0 = Release|Any CPU
		{2D52D567-37FF-4145-A9C8-9E84FBCF6001}.SingleImage|Mixed Platforms.ActiveCfg = Release|Any CPU
		{2D52D567-37FF-4145-A9C8-9E84FBCF6001}.SingleImage|Mixed Platforms.Build.0 = Release|Any CPU
		{2D52D567-37FF-4145-A9C8-9E84FBCF6001}.SingleImage|x86.ActiveCfg = Release|Any CPU
		{149890DC-CAB6-42ED-B269-D7D0DCA78E22}.CD_ROM|.NET.ActiveCfg = Release|Any CPU
		{149890DC-CAB6-42ED-B269-D7D0DCA78E22}.CD_ROM|Any CPU.ActiveCfg = Release|Any CPU
		{149890DC-CAB6-42ED-B269-D7D0DCA78E22}.CD_ROM|Any CPU.Build.0 = Release|Any CPU
		{149890DC-CAB6-42ED-B269-D7D0DCA78E22}.CD_ROM|Mixed Platforms.ActiveCfg = Release|Any CPU
		{149890DC-CAB6-42ED-B269-D7D0DCA78E22}.CD_ROM|Mixed Platforms.Build.0 = Release|Any CPU
		{149890DC-CAB6-42ED-B269-D7D0DCA78E22}.CD_ROM|x86.ActiveCfg = Release|Any CPU
		{149890DC-CAB6-42ED-B269-D7D0DCA78E22}.Debug|.NET.ActiveCfg = Debug|Any CPU
		{149890DC-CAB6-42ED-B269-D7D0DCA78E22}.Debug|Any CPU.ActiveCfg = Debug|Any CPU
		{149890DC-CAB6-42ED-B269-D7D0DCA78E22}.Debug|Any CPU.Build.0 = Debug|Any CPU
		{149890DC-CAB6-42ED-B269-D7D0DCA78E22}.Debug|Mixed Platforms.ActiveCfg = Debug|Any CPU
		{149890DC-CAB6-42ED-B269-D7D0DCA78E22}.Debug|Mixed Platforms.Build.0 = Debug|Any CPU
		{149890DC-CAB6-42ED-B269-D7D0DCA78E22}.Debug|x86.ActiveCfg = Debug|Any CPU
		{149890DC-CAB6-42ED-B269-D7D0DCA78E22}.DVD-5|.NET.ActiveCfg = Debug|Any CPU
		{149890DC-CAB6-42ED-B269-D7D0DCA78E22}.DVD-5|Any CPU.ActiveCfg = Debug|Any CPU
		{149890DC-CAB6-42ED-B269-D7D0DCA78E22}.DVD-5|Any CPU.Build.0 = Debug|Any CPU
		{149890DC-CAB6-42ED-B269-D7D0DCA78E22}.DVD-5|Mixed Platforms.ActiveCfg = Debug|Any CPU
		{149890DC-CAB6-42ED-B269-D7D0DCA78E22}.DVD-5|Mixed Platforms.Build.0 = Debug|Any CPU
		{149890DC-CAB6-42ED-B269-D7D0DCA78E22}.DVD-5|x86.ActiveCfg = Debug|Any CPU
		{149890DC-CAB6-42ED-B269-D7D0DCA78E22}.Release|.NET.ActiveCfg = Release|Any CPU
		{149890DC-CAB6-42ED-B269-D7D0DCA78E22}.Release|Any CPU.ActiveCfg = Release|Any CPU
		{149890DC-CAB6-42ED-B269-D7D0DCA78E22}.Release|Any CPU.Build.0 = Release|Any CPU
		{149890DC-CAB6-42ED-B269-D7D0DCA78E22}.Release|Mixed Platforms.ActiveCfg = Release|Any CPU
		{149890DC-CAB6-42ED-B269-D7D0DCA78E22}.Release|Mixed Platforms.Build.0 = Release|Any CPU
		{149890DC-CAB6-42ED-B269-D7D0DCA78E22}.Release|x86.ActiveCfg = Release|Any CPU
		{149890DC-CAB6-42ED-B269-D7D0DCA78E22}.SingleImage|.NET.ActiveCfg = Release|Any CPU
		{149890DC-CAB6-42ED-B269-D7D0DCA78E22}.SingleImage|Any CPU.ActiveCfg = Release|Any CPU
		{149890DC-CAB6-42ED-B269-D7D0DCA78E22}.SingleImage|Any CPU.Build.0 = Release|Any CPU
		{149890DC-CAB6-42ED-B269-D7D0DCA78E22}.SingleImage|Mixed Platforms.ActiveCfg = Release|Any CPU
		{149890DC-CAB6-42ED-B269-D7D0DCA78E22}.SingleImage|Mixed Platforms.Build.0 = Release|Any CPU
		{149890DC-CAB6-42ED-B269-D7D0DCA78E22}.SingleImage|x86.ActiveCfg = Release|Any CPU
		{B00DAF58-933E-4BC5-AAB4-8D30398E1502}.CD_ROM|.NET.ActiveCfg = Release|Any CPU
		{B00DAF58-933E-4BC5-AAB4-8D30398E1502}.CD_ROM|Any CPU.ActiveCfg = Release|Any CPU
		{B00DAF58-933E-4BC5-AAB4-8D30398E1502}.CD_ROM|Any CPU.Build.0 = Release|Any CPU
		{B00DAF58-933E-4BC5-AAB4-8D30398E1502}.CD_ROM|Mixed Platforms.ActiveCfg = Release|Any CPU
		{B00DAF58-933E-4BC5-AAB4-8D30398E1502}.CD_ROM|Mixed Platforms.Build.0 = Release|Any CPU
		{B00DAF58-933E-4BC5-AAB4-8D30398E1502}.CD_ROM|x86.ActiveCfg = Release|Any CPU
		{B00DAF58-933E-4BC5-AAB4-8D30398E1502}.Debug|.NET.ActiveCfg = Debug|Any CPU
		{B00DAF58-933E-4BC5-AAB4-8D30398E1502}.Debug|Any CPU.ActiveCfg = Debug|Any CPU
		{B00DAF58-933E-4BC5-AAB4-8D30398E1502}.Debug|Any CPU.Build.0 = Debug|Any CPU
		{B00DAF58-933E-4BC5-AAB4-8D30398E1502}.Debug|Mixed Platforms.ActiveCfg = Debug|Any CPU
		{B00DAF58-933E-4BC5-AAB4-8D30398E1502}.Debug|Mixed Platforms.Build.0 = Debug|Any CPU
		{B00DAF58-933E-4BC5-AAB4-8D30398E1502}.Debug|x86.ActiveCfg = Debug|Any CPU
		{B00DAF58-933E-4BC5-AAB4-8D30398E1502}.DVD-5|.NET.ActiveCfg = Debug|Any CPU
		{B00DAF58-933E-4BC5-AAB4-8D30398E1502}.DVD-5|Any CPU.ActiveCfg = Debug|Any CPU
		{B00DAF58-933E-4BC5-AAB4-8D30398E1502}.DVD-5|Any CPU.Build.0 = Debug|Any CPU
		{B00DAF58-933E-4BC5-AAB4-8D30398E1502}.DVD-5|Mixed Platforms.ActiveCfg = Debug|Any CPU
		{B00DAF58-933E-4BC5-AAB4-8D30398E1502}.DVD-5|Mixed Platforms.Build.0 = Debug|Any CPU
		{B00DAF58-933E-4BC5-AAB4-8D30398E1502}.DVD-5|x86.ActiveCfg = Debug|Any CPU
		{B00DAF58-933E-4BC5-AAB4-8D30398E1502}.Release|.NET.ActiveCfg = Release|Any CPU
		{B00DAF58-933E-4BC5-AAB4-8D30398E1502}.Release|Any CPU.ActiveCfg = Release|Any CPU
		{B00DAF58-933E-4BC5-AAB4-8D30398E1502}.Release|Any CPU.Build.0 = Release|Any CPU
		{B00DAF58-933E-4BC5-AAB4-8D30398E1502}.Release|Mixed Platforms.ActiveCfg = Release|Any CPU
		{B00DAF58-933E-4BC5-AAB4-8D30398E1502}.Release|Mixed Platforms.Build.0 = Release|Any CPU
		{B00DAF58-933E-4BC5-AAB4-8D30398E1502}.Release|x86.ActiveCfg = Release|Any CPU
		{B00DAF58-933E-4BC5-AAB4-8D30398E1502}.SingleImage|.NET.ActiveCfg = Release|Any CPU
		{B00DAF58-933E-4BC5-AAB4-8D30398E1502}.SingleImage|Any CPU.ActiveCfg = Release|Any CPU
		{B00DAF58-933E-4BC5-AAB4-8D30398E1502}.SingleImage|Any CPU.Build.0 = Release|Any CPU
		{B00DAF58-933E-4BC5-AAB4-8D30398E1502}.SingleImage|Mixed Platforms.ActiveCfg = Release|Any CPU
		{B00DAF58-933E-4BC5-AAB4-8D30398E1502}.SingleImage|Mixed Platforms.Build.0 = Release|Any CPU
		{B00DAF58-933E-4BC5-AAB4-8D30398E1502}.SingleImage|x86.ActiveCfg = Release|Any CPU
		{5DE8E2B4-6932-4F71-BAC7-87221670C657}.CD_ROM|.NET.ActiveCfg = Release|Any CPU
		{5DE8E2B4-6932-4F71-BAC7-87221670C657}.CD_ROM|Any CPU.ActiveCfg = Release|Any CPU
		{5DE8E2B4-6932-4F71-BAC7-87221670C657}.CD_ROM|Any CPU.Build.0 = Release|Any CPU
		{5DE8E2B4-6932-4F71-BAC7-87221670C657}.CD_ROM|Mixed Platforms.ActiveCfg = Release|Any CPU
		{5DE8E2B4-6932-4F71-BAC7-87221670C657}.CD_ROM|Mixed Platforms.Build.0 = Release|Any CPU
		{5DE8E2B4-6932-4F71-BAC7-87221670C657}.CD_ROM|x86.ActiveCfg = Release|Any CPU
		{5DE8E2B4-6932-4F71-BAC7-87221670C657}.Debug|.NET.ActiveCfg = Debug|Any CPU
		{5DE8E2B4-6932-4F71-BAC7-87221670C657}.Debug|Any CPU.ActiveCfg = Debug|Any CPU
		{5DE8E2B4-6932-4F71-BAC7-87221670C657}.Debug|Any CPU.Build.0 = Debug|Any CPU
		{5DE8E2B4-6932-4F71-BAC7-87221670C657}.Debug|Mixed Platforms.ActiveCfg = Debug|Any CPU
		{5DE8E2B4-6932-4F71-BAC7-87221670C657}.Debug|Mixed Platforms.Build.0 = Debug|Any CPU
		{5DE8E2B4-6932-4F71-BAC7-87221670C657}.Debug|x86.ActiveCfg = Debug|Any CPU
		{5DE8E2B4-6932-4F71-BAC7-87221670C657}.DVD-5|.NET.ActiveCfg = Debug|Any CPU
		{5DE8E2B4-6932-4F71-BAC7-87221670C657}.DVD-5|Any CPU.ActiveCfg = Debug|Any CPU
		{5DE8E2B4-6932-4F71-BAC7-87221670C657}.DVD-5|Any CPU.Build.0 = Debug|Any CPU
		{5DE8E2B4-6932-4F71-BAC7-87221670C657}.DVD-5|Mixed Platforms.ActiveCfg = Debug|Any CPU
		{5DE8E2B4-6932-4F71-BAC7-87221670C657}.DVD-5|Mixed Platforms.Build.0 = Debug|Any CPU
		{5DE8E2B4-6932-4F71-BAC7-87221670C657}.DVD-5|x86.ActiveCfg = Debug|Any CPU
		{5DE8E2B4-6932-4F71-BAC7-87221670C657}.Release|.NET.ActiveCfg = Release|Any CPU
		{5DE8E2B4-6932-4F71-BAC7-87221670C657}.Release|Any CPU.ActiveCfg = Release|Any CPU
		{5DE8E2B4-6932-4F71-BAC7-87221670C657}.Release|Any CPU.Build.0 = Release|Any CPU
		{5DE8E2B4-6932-4F71-BAC7-87221670C657}.Release|Mixed Platforms.ActiveCfg = Release|Any CPU
		{5DE8E2B4-6932-4F71-BAC7-87221670C657}.Release|Mixed Platforms.Build.0 = Release|Any CPU
		{5DE8E2B4-6932-4F71-BAC7-87221670C657}.Release|x86.ActiveCfg = Release|Any CPU
		{5DE8E2B4-6932-4F71-BAC7-87221670C657}.SingleImage|.NET.ActiveCfg = Release|Any CPU
		{5DE8E2B4-6932-4F71-BAC7-87221670C657}.SingleImage|Any CPU.ActiveCfg = Release|Any CPU
		{5DE8E2B4-6932-4F71-BAC7-87221670C657}.SingleImage|Any CPU.Build.0 = Release|Any CPU
		{5DE8E2B4-6932-4F71-BAC7-87221670C657}.SingleImage|Mixed Platforms.ActiveCfg = Release|Any CPU
		{5DE8E2B4-6932-4F71-BAC7-87221670C657}.SingleImage|Mixed Platforms.Build.0 = Release|Any CPU
		{5DE8E2B4-6932-4F71-BAC7-87221670C657}.SingleImage|x86.ActiveCfg = Release|Any CPU
		{5D01006B-50AF-4DBD-AA5F-42321F5E304A}.CD_ROM|.NET.ActiveCfg = Release|Any CPU
		{5D01006B-50AF-4DBD-AA5F-42321F5E304A}.CD_ROM|Any CPU.ActiveCfg = Release|Any CPU
		{5D01006B-50AF-4DBD-AA5F-42321F5E304A}.CD_ROM|Any CPU.Build.0 = Release|Any CPU
		{5D01006B-50AF-4DBD-AA5F-42321F5E304A}.CD_ROM|Mixed Platforms.ActiveCfg = Release|Any CPU
		{5D01006B-50AF-4DBD-AA5F-42321F5E304A}.CD_ROM|Mixed Platforms.Build.0 = Release|Any CPU
		{5D01006B-50AF-4DBD-AA5F-42321F5E304A}.CD_ROM|x86.ActiveCfg = Release|Any CPU
		{5D01006B-50AF-4DBD-AA5F-42321F5E304A}.Debug|.NET.ActiveCfg = Debug|Any CPU
		{5D01006B-50AF-4DBD-AA5F-42321F5E304A}.Debug|Any CPU.ActiveCfg = Debug|Any CPU
		{5D01006B-50AF-4DBD-AA5F-42321F5E304A}.Debug|Any CPU.Build.0 = Debug|Any CPU
		{5D01006B-50AF-4DBD-AA5F-42321F5E304A}.Debug|Mixed Platforms.ActiveCfg = Debug|Any CPU
		{5D01006B-50AF-4DBD-AA5F-42321F5E304A}.Debug|Mixed Platforms.Build.0 = Debug|Any CPU
		{5D01006B-50AF-4DBD-AA5F-42321F5E304A}.Debug|x86.ActiveCfg = Debug|Any CPU
		{5D01006B-50AF-4DBD-AA5F-42321F5E304A}.DVD-5|.NET.ActiveCfg = Debug|Any CPU
		{5D01006B-50AF-4DBD-AA5F-42321F5E304A}.DVD-5|Any CPU.ActiveCfg = Debug|Any CPU
		{5D01006B-50AF-4DBD-AA5F-42321F5E304A}.DVD-5|Any CPU.Build.0 = Debug|Any CPU
		{5D01006B-50AF-4DBD-AA5F-42321F5E304A}.DVD-5|Mixed Platforms.ActiveCfg = Debug|Any CPU
		{5D01006B-50AF-4DBD-AA5F-42321F5E304A}.DVD-5|Mixed Platforms.Build.0 = Debug|Any CPU
		{5D01006B-50AF-4DBD-AA5F-42321F5E304A}.DVD-5|x86.ActiveCfg = Debug|Any CPU
		{5D01006B-50AF-4DBD-AA5F-42321F5E304A}.Release|.NET.ActiveCfg = Release|Any CPU
		{5D01006B-50AF-4DBD-AA5F-42321F5E304A}.Release|Any CPU.ActiveCfg = Release|Any CPU
		{5D01006B-50AF-4DBD-AA5F-42321F5E304A}.Release|Any CPU.Build.0 = Release|Any CPU
		{5D01006B-50AF-4DBD-AA5F-42321F5E304A}.Release|Mixed Platforms.ActiveCfg = Release|Any CPU
		{5D01006B-50AF-4DBD-AA5F-42321F5E304A}.Release|Mixed Platforms.Build.0 = Release|Any CPU
		{5D01006B-50AF-4DBD-AA5F-42321F5E304A}.Release|x86.ActiveCfg = Release|Any CPU
		{5D01006B-50AF-4DBD-AA5F-42321F5E304A}.SingleImage|.NET.ActiveCfg = Release|Any CPU
		{5D01006B-50AF-4DBD-AA5F-42321F5E304A}.SingleImage|Any CPU.ActiveCfg = Release|Any CPU
		{5D01006B-50AF-4DBD-AA5F-42321F5E304A}.SingleImage|Any CPU.Build.0 = Release|Any CPU
		{5D01006B-50AF-4DBD-AA5F-42321F5E304A}.SingleImage|Mixed Platforms.ActiveCfg = Release|Any CPU
		{5D01006B-50AF-4DBD-AA5F-42321F5E304A}.SingleImage|Mixed Platforms.Build.0 = Release|Any CPU
		{5D01006B-50AF-4DBD-AA5F-42321F5E304A}.SingleImage|x86.ActiveCfg = Release|Any CPU
		{9B9C6C41-D261-4608-A0BD-8F9B8566E85A}.CD_ROM|.NET.ActiveCfg = Release|Any CPU
		{9B9C6C41-D261-4608-A0BD-8F9B8566E85A}.CD_ROM|Any CPU.ActiveCfg = Release|Any CPU
		{9B9C6C41-D261-4608-A0BD-8F9B8566E85A}.CD_ROM|Any CPU.Build.0 = Release|Any CPU
		{9B9C6C41-D261-4608-A0BD-8F9B8566E85A}.CD_ROM|Mixed Platforms.ActiveCfg = Release|Any CPU
		{9B9C6C41-D261-4608-A0BD-8F9B8566E85A}.CD_ROM|Mixed Platforms.Build.0 = Release|Any CPU
		{9B9C6C41-D261-4608-A0BD-8F9B8566E85A}.CD_ROM|x86.ActiveCfg = Release|Any CPU
		{9B9C6C41-D261-4608-A0BD-8F9B8566E85A}.Debug|.NET.ActiveCfg = Debug|Any CPU
		{9B9C6C41-D261-4608-A0BD-8F9B8566E85A}.Debug|Any CPU.ActiveCfg = Debug|Any CPU
		{9B9C6C41-D261-4608-A0BD-8F9B8566E85A}.Debug|Any CPU.Build.0 = Debug|Any CPU
		{9B9C6C41-D261-4608-A0BD-8F9B8566E85A}.Debug|Mixed Platforms.ActiveCfg = Debug|Any CPU
		{9B9C6C41-D261-4608-A0BD-8F9B8566E85A}.Debug|Mixed Platforms.Build.0 = Debug|Any CPU
		{9B9C6C41-D261-4608-A0BD-8F9B8566E85A}.Debug|x86.ActiveCfg = Debug|Any CPU
		{9B9C6C41-D261-4608-A0BD-8F9B8566E85A}.DVD-5|.NET.ActiveCfg = Debug|Any CPU
		{9B9C6C41-D261-4608-A0BD-8F9B8566E85A}.DVD-5|Any CPU.ActiveCfg = Debug|Any CPU
		{9B9C6C41-D261-4608-A0BD-8F9B8566E85A}.DVD-5|Any CPU.Build.0 = Debug|Any CPU
		{9B9C6C41-D261-4608-A0BD-8F9B8566E85A}.DVD-5|Mixed Platforms.ActiveCfg = Debug|Any CPU
		{9B9C6C41-D261-4608-A0BD-8F9B8566E85A}.DVD-5|Mixed Platforms.Build.0 = Debug|Any CPU
		{9B9C6C41-D261-4608-A0BD-8F9B8566E85A}.DVD-5|x86.ActiveCfg = Debug|Any CPU
		{9B9C6C41-D261-4608-A0BD-8F9B8566E85A}.Release|.NET.ActiveCfg = Release|Any CPU
		{9B9C6C41-D261-4608-A0BD-8F9B8566E85A}.Release|Any CPU.ActiveCfg = Release|Any CPU
		{9B9C6C41-D261-4608-A0BD-8F9B8566E85A}.Release|Any CPU.Build.0 = Release|Any CPU
		{9B9C6C41-D261-4608-A0BD-8F9B8566E85A}.Release|Mixed Platforms.ActiveCfg = Release|Any CPU
		{9B9C6C41-D261-4608-A0BD-8F9B8566E85A}.Release|Mixed Platforms.Build.0 = Release|Any CPU
		{9B9C6C41-D261-4608-A0BD-8F9B8566E85A}.Release|x86.ActiveCfg = Release|Any CPU
		{9B9C6C41-D261-4608-A0BD-8F9B8566E85A}.SingleImage|.NET.ActiveCfg = Release|Any CPU
		{9B9C6C41-D261-4608-A0BD-8F9B8566E85A}.SingleImage|Any CPU.ActiveCfg = Release|Any CPU
		{9B9C6C41-D261-4608-A0BD-8F9B8566E85A}.SingleImage|Any CPU.Build.0 = Release|Any CPU
		{9B9C6C41-D261-4608-A0BD-8F9B8566E85A}.SingleImage|Mixed Platforms.ActiveCfg = Release|Any CPU
		{9B9C6C41-D261-4608-A0BD-8F9B8566E85A}.SingleImage|Mixed Platforms.Build.0 = Release|Any CPU
		{9B9C6C41-D261-4608-A0BD-8F9B8566E85A}.SingleImage|x86.ActiveCfg = Release|Any CPU
		{C0FAEA1D-8832-4A98-9E46-EB23794D1F39}.CD_ROM|.NET.ActiveCfg = Release|Any CPU
		{C0FAEA1D-8832-4A98-9E46-EB23794D1F39}.CD_ROM|Any CPU.ActiveCfg = Release|Any CPU
		{C0FAEA1D-8832-4A98-9E46-EB23794D1F39}.CD_ROM|Any CPU.Build.0 = Release|Any CPU
		{C0FAEA1D-8832-4A98-9E46-EB23794D1F39}.CD_ROM|Mixed Platforms.ActiveCfg = Release|Any CPU
		{C0FAEA1D-8832-4A98-9E46-EB23794D1F39}.CD_ROM|Mixed Platforms.Build.0 = Release|Any CPU
		{C0FAEA1D-8832-4A98-9E46-EB23794D1F39}.CD_ROM|x86.ActiveCfg = Release|Any CPU
		{C0FAEA1D-8832-4A98-9E46-EB23794D1F39}.Debug|.NET.ActiveCfg = Debug|Any CPU
		{C0FAEA1D-8832-4A98-9E46-EB23794D1F39}.Debug|Any CPU.ActiveCfg = Debug|Any CPU
		{C0FAEA1D-8832-4A98-9E46-EB23794D1F39}.Debug|Any CPU.Build.0 = Debug|Any CPU
		{C0FAEA1D-8832-4A98-9E46-EB23794D1F39}.Debug|Mixed Platforms.ActiveCfg = Debug|Any CPU
		{C0FAEA1D-8832-4A98-9E46-EB23794D1F39}.Debug|Mixed Platforms.Build.0 = Debug|Any CPU
		{C0FAEA1D-8832-4A98-9E46-EB23794D1F39}.Debug|x86.ActiveCfg = Debug|Any CPU
		{C0FAEA1D-8832-4A98-9E46-EB23794D1F39}.DVD-5|.NET.ActiveCfg = Debug|Any CPU
		{C0FAEA1D-8832-4A98-9E46-EB23794D1F39}.DVD-5|Any CPU.ActiveCfg = Debug|Any CPU
		{C0FAEA1D-8832-4A98-9E46-EB23794D1F39}.DVD-5|Any CPU.Build.0 = Debug|Any CPU
		{C0FAEA1D-8832-4A98-9E46-EB23794D1F39}.DVD-5|Mixed Platforms.ActiveCfg = Debug|Any CPU
		{C0FAEA1D-8832-4A98-9E46-EB23794D1F39}.DVD-5|Mixed Platforms.Build.0 = Debug|Any CPU
		{C0FAEA1D-8832-4A98-9E46-EB23794D1F39}.DVD-5|x86.ActiveCfg = Debug|Any CPU
		{C0FAEA1D-8832-4A98-9E46-EB23794D1F39}.Release|.NET.ActiveCfg = Release|Any CPU
		{C0FAEA1D-8832-4A98-9E46-EB23794D1F39}.Release|Any CPU.ActiveCfg = Release|Any CPU
		{C0FAEA1D-8832-4A98-9E46-EB23794D1F39}.Release|Any CPU.Build.0 = Release|Any CPU
		{C0FAEA1D-8832-4A98-9E46-EB23794D1F39}.Release|Mixed Platforms.ActiveCfg = Release|Any CPU
		{C0FAEA1D-8832-4A98-9E46-EB23794D1F39}.Release|Mixed Platforms.Build.0 = Release|Any CPU
		{C0FAEA1D-8832-4A98-9E46-EB23794D1F39}.Release|x86.ActiveCfg = Release|Any CPU
		{C0FAEA1D-8832-4A98-9E46-EB23794D1F39}.SingleImage|.NET.ActiveCfg = Release|Any CPU
		{C0FAEA1D-8832-4A98-9E46-EB23794D1F39}.SingleImage|Any CPU.ActiveCfg = Release|Any CPU
		{C0FAEA1D-8832-4A98-9E46-EB23794D1F39}.SingleImage|Any CPU.Build.0 = Release|Any CPU
		{C0FAEA1D-8832-4A98-9E46-EB23794D1F39}.SingleImage|Mixed Platforms.ActiveCfg = Release|Any CPU
		{C0FAEA1D-8832-4A98-9E46-EB23794D1F39}.SingleImage|Mixed Platforms.Build.0 = Release|Any CPU
		{C0FAEA1D-8832-4A98-9E46-EB23794D1F39}.SingleImage|x86.ActiveCfg = Release|Any CPU
		{6F39A70A-0594-4552-B777-F360BC2518AD}.CD_ROM|.NET.ActiveCfg = Release|x86
		{6F39A70A-0594-4552-B777-F360BC2518AD}.CD_ROM|Any CPU.ActiveCfg = Release|x86
		{6F39A70A-0594-4552-B777-F360BC2518AD}.CD_ROM|Mixed Platforms.ActiveCfg = Release|x86
		{6F39A70A-0594-4552-B777-F360BC2518AD}.CD_ROM|Mixed Platforms.Build.0 = Release|x86
		{6F39A70A-0594-4552-B777-F360BC2518AD}.CD_ROM|x86.ActiveCfg = Release|x86
		{6F39A70A-0594-4552-B777-F360BC2518AD}.CD_ROM|x86.Build.0 = Release|x86
		{6F39A70A-0594-4552-B777-F360BC2518AD}.Debug|.NET.ActiveCfg = Debug|x86
		{6F39A70A-0594-4552-B777-F360BC2518AD}.Debug|Any CPU.ActiveCfg = Debug|x86
		{6F39A70A-0594-4552-B777-F360BC2518AD}.Debug|Mixed Platforms.ActiveCfg = Debug|x86
		{6F39A70A-0594-4552-B777-F360BC2518AD}.Debug|Mixed Platforms.Build.0 = Debug|x86
		{6F39A70A-0594-4552-B777-F360BC2518AD}.Debug|x86.ActiveCfg = Debug|x86
		{6F39A70A-0594-4552-B777-F360BC2518AD}.Debug|x86.Build.0 = Debug|x86
		{6F39A70A-0594-4552-B777-F360BC2518AD}.DVD-5|.NET.ActiveCfg = Debug|x86
		{6F39A70A-0594-4552-B777-F360BC2518AD}.DVD-5|Any CPU.ActiveCfg = Debug|x86
		{6F39A70A-0594-4552-B777-F360BC2518AD}.DVD-5|Mixed Platforms.ActiveCfg = Debug|x86
		{6F39A70A-0594-4552-B777-F360BC2518AD}.DVD-5|Mixed Platforms.Build.0 = Debug|x86
		{6F39A70A-0594-4552-B777-F360BC2518AD}.DVD-5|x86.ActiveCfg = Debug|x86
		{6F39A70A-0594-4552-B777-F360BC2518AD}.DVD-5|x86.Build.0 = Debug|x86
		{6F39A70A-0594-4552-B777-F360BC2518AD}.Release|.NET.ActiveCfg = Release|x86
		{6F39A70A-0594-4552-B777-F360BC2518AD}.Release|Any CPU.ActiveCfg = Release|x86
		{6F39A70A-0594-4552-B777-F360BC2518AD}.Release|Mixed Platforms.ActiveCfg = Release|x86
		{6F39A70A-0594-4552-B777-F360BC2518AD}.Release|Mixed Platforms.Build.0 = Release|x86
		{6F39A70A-0594-4552-B777-F360BC2518AD}.Release|x86.ActiveCfg = Release|x86
		{6F39A70A-0594-4552-B777-F360BC2518AD}.Release|x86.Build.0 = Release|x86
		{6F39A70A-0594-4552-B777-F360BC2518AD}.SingleImage|.NET.ActiveCfg = Release|x86
		{6F39A70A-0594-4552-B777-F360BC2518AD}.SingleImage|Any CPU.ActiveCfg = Release|x86
		{6F39A70A-0594-4552-B777-F360BC2518AD}.SingleImage|Mixed Platforms.ActiveCfg = Release|x86
		{6F39A70A-0594-4552-B777-F360BC2518AD}.SingleImage|Mixed Platforms.Build.0 = Release|x86
		{6F39A70A-0594-4552-B777-F360BC2518AD}.SingleImage|x86.ActiveCfg = Release|x86
		{6F39A70A-0594-4552-B777-F360BC2518AD}.SingleImage|x86.Build.0 = Release|x86
		{DC9B9F27-6BFF-44E7-90D8-9F06977D2186}.CD_ROM|.NET.ActiveCfg = Release|Any CPU
		{DC9B9F27-6BFF-44E7-90D8-9F06977D2186}.CD_ROM|Any CPU.ActiveCfg = Release|Any CPU
		{DC9B9F27-6BFF-44E7-90D8-9F06977D2186}.CD_ROM|Any CPU.Build.0 = Release|Any CPU
		{DC9B9F27-6BFF-44E7-90D8-9F06977D2186}.CD_ROM|Mixed Platforms.ActiveCfg = Release|Any CPU
		{DC9B9F27-6BFF-44E7-90D8-9F06977D2186}.CD_ROM|Mixed Platforms.Build.0 = Release|Any CPU
		{DC9B9F27-6BFF-44E7-90D8-9F06977D2186}.CD_ROM|x86.ActiveCfg = Release|Any CPU
		{DC9B9F27-6BFF-44E7-90D8-9F06977D2186}.Debug|.NET.ActiveCfg = Debug|Any CPU
		{DC9B9F27-6BFF-44E7-90D8-9F06977D2186}.Debug|Any CPU.ActiveCfg = Debug|Any CPU
		{DC9B9F27-6BFF-44E7-90D8-9F06977D2186}.Debug|Any CPU.Build.0 = Debug|Any CPU
		{DC9B9F27-6BFF-44E7-90D8-9F06977D2186}.Debug|Mixed Platforms.ActiveCfg = Debug|Any CPU
		{DC9B9F27-6BFF-44E7-90D8-9F06977D2186}.Debug|Mixed Platforms.Build.0 = Debug|Any CPU
		{DC9B9F27-6BFF-44E7-90D8-9F06977D2186}.Debug|x86.ActiveCfg = Debug|Any CPU
		{DC9B9F27-6BFF-44E7-90D8-9F06977D2186}.DVD-5|.NET.ActiveCfg = Debug|Any CPU
		{DC9B9F27-6BFF-44E7-90D8-9F06977D2186}.DVD-5|Any CPU.ActiveCfg = Debug|Any CPU
		{DC9B9F27-6BFF-44E7-90D8-9F06977D2186}.DVD-5|Any CPU.Build.0 = Debug|Any CPU
		{DC9B9F27-6BFF-44E7-90D8-9F06977D2186}.DVD-5|Mixed Platforms.ActiveCfg = Debug|Any CPU
		{DC9B9F27-6BFF-44E7-90D8-9F06977D2186}.DVD-5|Mixed Platforms.Build.0 = Debug|Any CPU
		{DC9B9F27-6BFF-44E7-90D8-9F06977D2186}.DVD-5|x86.ActiveCfg = Debug|Any CPU
		{DC9B9F27-6BFF-44E7-90D8-9F06977D2186}.Release|.NET.ActiveCfg = Release|Any CPU
		{DC9B9F27-6BFF-44E7-90D8-9F06977D2186}.Release|Any CPU.ActiveCfg = Release|Any CPU
		{DC9B9F27-6BFF-44E7-90D8-9F06977D2186}.Release|Any CPU.Build.0 = Release|Any CPU
		{DC9B9F27-6BFF-44E7-90D8-9F06977D2186}.Release|Mixed Platforms.ActiveCfg = Release|Any CPU
		{DC9B9F27-6BFF-44E7-90D8-9F06977D2186}.Release|Mixed Platforms.Build.0 = Release|Any CPU
		{DC9B9F27-6BFF-44E7-90D8-9F06977D2186}.Release|x86.ActiveCfg = Release|Any CPU
		{DC9B9F27-6BFF-44E7-90D8-9F06977D2186}.SingleImage|.NET.ActiveCfg = Release|Any CPU
		{DC9B9F27-6BFF-44E7-90D8-9F06977D2186}.SingleImage|Any CPU.ActiveCfg = Release|Any CPU
		{DC9B9F27-6BFF-44E7-90D8-9F06977D2186}.SingleImage|Any CPU.Build.0 = Release|Any CPU
		{DC9B9F27-6BFF-44E7-90D8-9F06977D2186}.SingleImage|Mixed Platforms.ActiveCfg = Release|Any CPU
		{DC9B9F27-6BFF-44E7-90D8-9F06977D2186}.SingleImage|Mixed Platforms.Build.0 = Release|Any CPU
		{DC9B9F27-6BFF-44E7-90D8-9F06977D2186}.SingleImage|x86.ActiveCfg = Release|Any CPU
		{CA50F317-752A-48D6-BA1D-F952BD02BEC0}.CD_ROM|.NET.ActiveCfg = CD_ROM
		{CA50F317-752A-48D6-BA1D-F952BD02BEC0}.CD_ROM|.NET.Build.0 = CD_ROM
		{CA50F317-752A-48D6-BA1D-F952BD02BEC0}.CD_ROM|Any CPU.ActiveCfg = CD_ROM
		{CA50F317-752A-48D6-BA1D-F952BD02BEC0}.CD_ROM|Any CPU.Build.0 = CD_ROM
		{CA50F317-752A-48D6-BA1D-F952BD02BEC0}.CD_ROM|Mixed Platforms.ActiveCfg = CD_ROM
		{CA50F317-752A-48D6-BA1D-F952BD02BEC0}.CD_ROM|Mixed Platforms.Build.0 = CD_ROM
		{CA50F317-752A-48D6-BA1D-F952BD02BEC0}.CD_ROM|x86.ActiveCfg = CD_ROM
		{CA50F317-752A-48D6-BA1D-F952BD02BEC0}.CD_ROM|x86.Build.0 = CD_ROM
		{CA50F317-752A-48D6-BA1D-F952BD02BEC0}.Debug|.NET.ActiveCfg = DVD-5
		{CA50F317-752A-48D6-BA1D-F952BD02BEC0}.Debug|.NET.Build.0 = DVD-5
		{CA50F317-752A-48D6-BA1D-F952BD02BEC0}.Debug|Any CPU.ActiveCfg = DVD-5
		{CA50F317-752A-48D6-BA1D-F952BD02BEC0}.Debug|Any CPU.Build.0 = DVD-5
		{CA50F317-752A-48D6-BA1D-F952BD02BEC0}.Debug|Mixed Platforms.ActiveCfg = DVD-5
		{CA50F317-752A-48D6-BA1D-F952BD02BEC0}.Debug|Mixed Platforms.Build.0 = DVD-5
		{CA50F317-752A-48D6-BA1D-F952BD02BEC0}.Debug|x86.ActiveCfg = DVD-5
		{CA50F317-752A-48D6-BA1D-F952BD02BEC0}.Debug|x86.Build.0 = DVD-5
		{CA50F317-752A-48D6-BA1D-F952BD02BEC0}.DVD-5|.NET.ActiveCfg = DVD-5
		{CA50F317-752A-48D6-BA1D-F952BD02BEC0}.DVD-5|.NET.Build.0 = DVD-5
		{CA50F317-752A-48D6-BA1D-F952BD02BEC0}.DVD-5|Any CPU.ActiveCfg = DVD-5
		{CA50F317-752A-48D6-BA1D-F952BD02BEC0}.DVD-5|Any CPU.Build.0 = DVD-5
		{CA50F317-752A-48D6-BA1D-F952BD02BEC0}.DVD-5|Mixed Platforms.ActiveCfg = DVD-5
		{CA50F317-752A-48D6-BA1D-F952BD02BEC0}.DVD-5|Mixed Platforms.Build.0 = DVD-5
		{CA50F317-752A-48D6-BA1D-F952BD02BEC0}.DVD-5|x86.ActiveCfg = DVD-5
		{CA50F317-752A-48D6-BA1D-F952BD02BEC0}.DVD-5|x86.Build.0 = DVD-5
		{CA50F317-752A-48D6-BA1D-F952BD02BEC0}.Release|.NET.ActiveCfg = SingleImage
		{CA50F317-752A-48D6-BA1D-F952BD02BEC0}.Release|.NET.Build.0 = SingleImage
		{CA50F317-752A-48D6-BA1D-F952BD02BEC0}.Release|Any CPU.ActiveCfg = SingleImage
		{CA50F317-752A-48D6-BA1D-F952BD02BEC0}.Release|Any CPU.Build.0 = SingleImage
		{CA50F317-752A-48D6-BA1D-F952BD02BEC0}.Release|Mixed Platforms.ActiveCfg = SingleImage
		{CA50F317-752A-48D6-BA1D-F952BD02BEC0}.Release|Mixed Platforms.Build.0 = SingleImage
		{CA50F317-752A-48D6-BA1D-F952BD02BEC0}.Release|x86.ActiveCfg = SingleImage
		{CA50F317-752A-48D6-BA1D-F952BD02BEC0}.Release|x86.Build.0 = SingleImage
		{CA50F317-752A-48D6-BA1D-F952BD02BEC0}.SingleImage|.NET.ActiveCfg = SingleImage
		{CA50F317-752A-48D6-BA1D-F952BD02BEC0}.SingleImage|.NET.Build.0 = SingleImage
		{CA50F317-752A-48D6-BA1D-F952BD02BEC0}.SingleImage|Any CPU.ActiveCfg = SingleImage
		{CA50F317-752A-48D6-BA1D-F952BD02BEC0}.SingleImage|Any CPU.Build.0 = SingleImage
		{CA50F317-752A-48D6-BA1D-F952BD02BEC0}.SingleImage|Mixed Platforms.ActiveCfg = SingleImage
		{CA50F317-752A-48D6-BA1D-F952BD02BEC0}.SingleImage|Mixed Platforms.Build.0 = SingleImage
		{CA50F317-752A-48D6-BA1D-F952BD02BEC0}.SingleImage|x86.ActiveCfg = SingleImage
		{CA50F317-752A-48D6-BA1D-F952BD02BEC0}.SingleImage|x86.Build.0 = SingleImage
		{876EDADE-754A-48B4-9E5C-37EA7B9E684C}.CD_ROM|.NET.ActiveCfg = Release|Any CPU
		{876EDADE-754A-48B4-9E5C-37EA7B9E684C}.CD_ROM|Any CPU.ActiveCfg = Release|Any CPU
		{876EDADE-754A-48B4-9E5C-37EA7B9E684C}.CD_ROM|Any CPU.Build.0 = Release|Any CPU
		{876EDADE-754A-48B4-9E5C-37EA7B9E684C}.CD_ROM|Mixed Platforms.ActiveCfg = Release|Any CPU
		{876EDADE-754A-48B4-9E5C-37EA7B9E684C}.CD_ROM|Mixed Platforms.Build.0 = Release|Any CPU
		{876EDADE-754A-48B4-9E5C-37EA7B9E684C}.CD_ROM|x86.ActiveCfg = Release|Any CPU
		{876EDADE-754A-48B4-9E5C-37EA7B9E684C}.Debug|.NET.ActiveCfg = Debug|Any CPU
		{876EDADE-754A-48B4-9E5C-37EA7B9E684C}.Debug|Any CPU.ActiveCfg = Debug|Any CPU
		{876EDADE-754A-48B4-9E5C-37EA7B9E684C}.Debug|Any CPU.Build.0 = Debug|Any CPU
		{876EDADE-754A-48B4-9E5C-37EA7B9E684C}.Debug|Mixed Platforms.ActiveCfg = Debug|Any CPU
		{876EDADE-754A-48B4-9E5C-37EA7B9E684C}.Debug|Mixed Platforms.Build.0 = Debug|Any CPU
		{876EDADE-754A-48B4-9E5C-37EA7B9E684C}.Debug|x86.ActiveCfg = Debug|Any CPU
		{876EDADE-754A-48B4-9E5C-37EA7B9E684C}.DVD-5|.NET.ActiveCfg = Debug|Any CPU
		{876EDADE-754A-48B4-9E5C-37EA7B9E684C}.DVD-5|Any CPU.ActiveCfg = Debug|Any CPU
		{876EDADE-754A-48B4-9E5C-37EA7B9E684C}.DVD-5|Any CPU.Build.0 = Debug|Any CPU
		{876EDADE-754A-48B4-9E5C-37EA7B9E684C}.DVD-5|Mixed Platforms.ActiveCfg = Debug|Any CPU
		{876EDADE-754A-48B4-9E5C-37EA7B9E684C}.DVD-5|Mixed Platforms.Build.0 = Debug|Any CPU
		{876EDADE-754A-48B4-9E5C-37EA7B9E684C}.DVD-5|x86.ActiveCfg = Debug|Any CPU
		{876EDADE-754A-48B4-9E5C-37EA7B9E684C}.Release|.NET.ActiveCfg = Release|Any CPU
		{876EDADE-754A-48B4-9E5C-37EA7B9E684C}.Release|Any CPU.ActiveCfg = Release|Any CPU
		{876EDADE-754A-48B4-9E5C-37EA7B9E684C}.Release|Any CPU.Build.0 = Release|Any CPU
		{876EDADE-754A-48B4-9E5C-37EA7B9E684C}.Release|Mixed Platforms.ActiveCfg = Release|Any CPU
		{876EDADE-754A-48B4-9E5C-37EA7B9E684C}.Release|Mixed Platforms.Build.0 = Release|Any CPU
		{876EDADE-754A-48B4-9E5C-37EA7B9E684C}.Release|x86.ActiveCfg = Release|Any CPU
		{876EDADE-754A-48B4-9E5C-37EA7B9E684C}.SingleImage|.NET.ActiveCfg = Release|Any CPU
		{876EDADE-754A-48B4-9E5C-37EA7B9E684C}.SingleImage|Any CPU.ActiveCfg = Release|Any CPU
		{876EDADE-754A-48B4-9E5C-37EA7B9E684C}.SingleImage|Any CPU.Build.0 = Release|Any CPU
		{876EDADE-754A-48B4-9E5C-37EA7B9E684C}.SingleImage|Mixed Platforms.ActiveCfg = Release|Any CPU
		{876EDADE-754A-48B4-9E5C-37EA7B9E684C}.SingleImage|Mixed Platforms.Build.0 = Release|Any CPU
		{876EDADE-754A-48B4-9E5C-37EA7B9E684C}.SingleImage|x86.ActiveCfg = Release|Any CPU
		{1614023B-A9F0-4EB5-8999-58A63CBB1249}.CD_ROM|.NET.ActiveCfg = Release|Any CPU
		{1614023B-A9F0-4EB5-8999-58A63CBB1249}.CD_ROM|.NET.Build.0 = Release|Any CPU
		{1614023B-A9F0-4EB5-8999-58A63CBB1249}.CD_ROM|Any CPU.ActiveCfg = Release|Any CPU
		{1614023B-A9F0-4EB5-8999-58A63CBB1249}.CD_ROM|Any CPU.Build.0 = Release|Any CPU
		{1614023B-A9F0-4EB5-8999-58A63CBB1249}.CD_ROM|Mixed Platforms.ActiveCfg = Release|Any CPU
		{1614023B-A9F0-4EB5-8999-58A63CBB1249}.CD_ROM|Mixed Platforms.Build.0 = Release|Any CPU
		{1614023B-A9F0-4EB5-8999-58A63CBB1249}.CD_ROM|x86.ActiveCfg = Release|Any CPU
		{1614023B-A9F0-4EB5-8999-58A63CBB1249}.CD_ROM|x86.Build.0 = Release|Any CPU
		{1614023B-A9F0-4EB5-8999-58A63CBB1249}.Debug|.NET.ActiveCfg = Debug|Any CPU
		{1614023B-A9F0-4EB5-8999-58A63CBB1249}.Debug|.NET.Build.0 = Debug|Any CPU
		{1614023B-A9F0-4EB5-8999-58A63CBB1249}.Debug|Any CPU.ActiveCfg = Debug|Any CPU
		{1614023B-A9F0-4EB5-8999-58A63CBB1249}.Debug|Any CPU.Build.0 = Debug|Any CPU
		{1614023B-A9F0-4EB5-8999-58A63CBB1249}.Debug|Mixed Platforms.ActiveCfg = Debug|Any CPU
		{1614023B-A9F0-4EB5-8999-58A63CBB1249}.Debug|Mixed Platforms.Build.0 = Debug|Any CPU
		{1614023B-A9F0-4EB5-8999-58A63CBB1249}.Debug|x86.ActiveCfg = Debug|Any CPU
		{1614023B-A9F0-4EB5-8999-58A63CBB1249}.Debug|x86.Build.0 = Debug|Any CPU
		{1614023B-A9F0-4EB5-8999-58A63CBB1249}.DVD-5|.NET.ActiveCfg = Debug|Any CPU
		{1614023B-A9F0-4EB5-8999-58A63CBB1249}.DVD-5|.NET.Build.0 = Debug|Any CPU
		{1614023B-A9F0-4EB5-8999-58A63CBB1249}.DVD-5|Any CPU.ActiveCfg = Debug|Any CPU
		{1614023B-A9F0-4EB5-8999-58A63CBB1249}.DVD-5|Any CPU.Build.0 = Debug|Any CPU
		{1614023B-A9F0-4EB5-8999-58A63CBB1249}.DVD-5|Mixed Platforms.ActiveCfg = Debug|Any CPU
		{1614023B-A9F0-4EB5-8999-58A63CBB1249}.DVD-5|Mixed Platforms.Build.0 = Debug|Any CPU
		{1614023B-A9F0-4EB5-8999-58A63CBB1249}.DVD-5|x86.ActiveCfg = Debug|Any CPU
		{1614023B-A9F0-4EB5-8999-58A63CBB1249}.DVD-5|x86.Build.0 = Debug|Any CPU
		{1614023B-A9F0-4EB5-8999-58A63CBB1249}.Release|.NET.ActiveCfg = Release|Any CPU
		{1614023B-A9F0-4EB5-8999-58A63CBB1249}.Release|.NET.Build.0 = Release|Any CPU
		{1614023B-A9F0-4EB5-8999-58A63CBB1249}.Release|Any CPU.ActiveCfg = Release|Any CPU
		{1614023B-A9F0-4EB5-8999-58A63CBB1249}.Release|Any CPU.Build.0 = Release|Any CPU
		{1614023B-A9F0-4EB5-8999-58A63CBB1249}.Release|Mixed Platforms.ActiveCfg = Release|Any CPU
		{1614023B-A9F0-4EB5-8999-58A63CBB1249}.Release|Mixed Platforms.Build.0 = Release|Any CPU
		{1614023B-A9F0-4EB5-8999-58A63CBB1249}.Release|x86.ActiveCfg = Release|Any CPU
		{1614023B-A9F0-4EB5-8999-58A63CBB1249}.Release|x86.Build.0 = Release|Any CPU
		{1614023B-A9F0-4EB5-8999-58A63CBB1249}.SingleImage|.NET.ActiveCfg = Release|Any CPU
		{1614023B-A9F0-4EB5-8999-58A63CBB1249}.SingleImage|.NET.Build.0 = Release|Any CPU
		{1614023B-A9F0-4EB5-8999-58A63CBB1249}.SingleImage|Any CPU.ActiveCfg = Release|Any CPU
		{1614023B-A9F0-4EB5-8999-58A63CBB1249}.SingleImage|Any CPU.Build.0 = Release|Any CPU
		{1614023B-A9F0-4EB5-8999-58A63CBB1249}.SingleImage|Mixed Platforms.ActiveCfg = Release|Any CPU
		{1614023B-A9F0-4EB5-8999-58A63CBB1249}.SingleImage|Mixed Platforms.Build.0 = Release|Any CPU
		{1614023B-A9F0-4EB5-8999-58A63CBB1249}.SingleImage|x86.ActiveCfg = Release|Any CPU
		{1614023B-A9F0-4EB5-8999-58A63CBB1249}.SingleImage|x86.Build.0 = Release|Any CPU
		{05441D7E-3923-4E32-A620-9F6D8A0CB0F5}.CD_ROM|.NET.ActiveCfg = Release|x86
		{05441D7E-3923-4E32-A620-9F6D8A0CB0F5}.CD_ROM|.NET.Build.0 = Release|x86
		{05441D7E-3923-4E32-A620-9F6D8A0CB0F5}.CD_ROM|Any CPU.ActiveCfg = Release|x86
		{05441D7E-3923-4E32-A620-9F6D8A0CB0F5}.CD_ROM|Any CPU.Build.0 = Release|x86
		{05441D7E-3923-4E32-A620-9F6D8A0CB0F5}.CD_ROM|Mixed Platforms.ActiveCfg = Release|x86
		{05441D7E-3923-4E32-A620-9F6D8A0CB0F5}.CD_ROM|Mixed Platforms.Build.0 = Release|x86
		{05441D7E-3923-4E32-A620-9F6D8A0CB0F5}.CD_ROM|x86.ActiveCfg = Release|x86
		{05441D7E-3923-4E32-A620-9F6D8A0CB0F5}.CD_ROM|x86.Build.0 = Release|x86
		{05441D7E-3923-4E32-A620-9F6D8A0CB0F5}.Debug|.NET.ActiveCfg = Debug|x86
		{05441D7E-3923-4E32-A620-9F6D8A0CB0F5}.Debug|Any CPU.ActiveCfg = Debug|x86
		{05441D7E-3923-4E32-A620-9F6D8A0CB0F5}.Debug|Mixed Platforms.ActiveCfg = Debug|x86
		{05441D7E-3923-4E32-A620-9F6D8A0CB0F5}.Debug|Mixed Platforms.Build.0 = Debug|x86
		{05441D7E-3923-4E32-A620-9F6D8A0CB0F5}.Debug|x86.ActiveCfg = Debug|x86
		{05441D7E-3923-4E32-A620-9F6D8A0CB0F5}.Debug|x86.Build.0 = Debug|x86
		{05441D7E-3923-4E32-A620-9F6D8A0CB0F5}.DVD-5|.NET.ActiveCfg = Release|x86
		{05441D7E-3923-4E32-A620-9F6D8A0CB0F5}.DVD-5|.NET.Build.0 = Release|x86
		{05441D7E-3923-4E32-A620-9F6D8A0CB0F5}.DVD-5|Any CPU.ActiveCfg = Release|x86
		{05441D7E-3923-4E32-A620-9F6D8A0CB0F5}.DVD-5|Any CPU.Build.0 = Release|x86
		{05441D7E-3923-4E32-A620-9F6D8A0CB0F5}.DVD-5|Mixed Platforms.ActiveCfg = Debug|x86
		{05441D7E-3923-4E32-A620-9F6D8A0CB0F5}.DVD-5|Mixed Platforms.Build.0 = Debug|x86
		{05441D7E-3923-4E32-A620-9F6D8A0CB0F5}.DVD-5|x86.ActiveCfg = Debug|x86
		{05441D7E-3923-4E32-A620-9F6D8A0CB0F5}.DVD-5|x86.Build.0 = Debug|x86
		{05441D7E-3923-4E32-A620-9F6D8A0CB0F5}.Release|.NET.ActiveCfg = Release|x86
		{05441D7E-3923-4E32-A620-9F6D8A0CB0F5}.Release|Any CPU.ActiveCfg = Release|x86
		{05441D7E-3923-4E32-A620-9F6D8A0CB0F5}.Release|Mixed Platforms.ActiveCfg = Release|x86
		{05441D7E-3923-4E32-A620-9F6D8A0CB0F5}.Release|Mixed Platforms.Build.0 = Release|x86
		{05441D7E-3923-4E32-A620-9F6D8A0CB0F5}.Release|x86.ActiveCfg = Release|x86
		{05441D7E-3923-4E32-A620-9F6D8A0CB0F5}.Release|x86.Build.0 = Release|x86
		{05441D7E-3923-4E32-A620-9F6D8A0CB0F5}.SingleImage|.NET.ActiveCfg = Release|x86
		{05441D7E-3923-4E32-A620-9F6D8A0CB0F5}.SingleImage|.NET.Build.0 = Release|x86
		{05441D7E-3923-4E32-A620-9F6D8A0CB0F5}.SingleImage|Any CPU.ActiveCfg = Release|x86
		{05441D7E-3923-4E32-A620-9F6D8A0CB0F5}.SingleImage|Any CPU.Build.0 = Release|x86
		{05441D7E-3923-4E32-A620-9F6D8A0CB0F5}.SingleImage|Mixed Platforms.ActiveCfg = Release|x86
		{05441D7E-3923-4E32-A620-9F6D8A0CB0F5}.SingleImage|Mixed Platforms.Build.0 = Release|x86
		{05441D7E-3923-4E32-A620-9F6D8A0CB0F5}.SingleImage|x86.ActiveCfg = Release|x86
		{05441D7E-3923-4E32-A620-9F6D8A0CB0F5}.SingleImage|x86.Build.0 = Release|x86
		{BC5D1DD0-C45F-4FC3-A686-9B1B349AE797}.CD_ROM|.NET.ActiveCfg = Release|Any CPU
		{BC5D1DD0-C45F-4FC3-A686-9B1B349AE797}.CD_ROM|.NET.Build.0 = Release|Any CPU
		{BC5D1DD0-C45F-4FC3-A686-9B1B349AE797}.CD_ROM|Any CPU.ActiveCfg = Release|Any CPU
		{BC5D1DD0-C45F-4FC3-A686-9B1B349AE797}.CD_ROM|Any CPU.Build.0 = Release|Any CPU
		{BC5D1DD0-C45F-4FC3-A686-9B1B349AE797}.CD_ROM|Mixed Platforms.ActiveCfg = Release|Any CPU
		{BC5D1DD0-C45F-4FC3-A686-9B1B349AE797}.CD_ROM|Mixed Platforms.Build.0 = Release|Any CPU
		{BC5D1DD0-C45F-4FC3-A686-9B1B349AE797}.CD_ROM|x86.ActiveCfg = Release|Any CPU
		{BC5D1DD0-C45F-4FC3-A686-9B1B349AE797}.CD_ROM|x86.Build.0 = Release|Any CPU
		{BC5D1DD0-C45F-4FC3-A686-9B1B349AE797}.Debug|.NET.ActiveCfg = Debug|Any CPU
		{BC5D1DD0-C45F-4FC3-A686-9B1B349AE797}.Debug|.NET.Build.0 = Debug|Any CPU
		{BC5D1DD0-C45F-4FC3-A686-9B1B349AE797}.Debug|Any CPU.ActiveCfg = Debug|Any CPU
		{BC5D1DD0-C45F-4FC3-A686-9B1B349AE797}.Debug|Any CPU.Build.0 = Debug|Any CPU
		{BC5D1DD0-C45F-4FC3-A686-9B1B349AE797}.Debug|Mixed Platforms.ActiveCfg = Debug|Any CPU
		{BC5D1DD0-C45F-4FC3-A686-9B1B349AE797}.Debug|Mixed Platforms.Build.0 = Debug|Any CPU
		{BC5D1DD0-C45F-4FC3-A686-9B1B349AE797}.Debug|x86.ActiveCfg = Debug|Any CPU
		{BC5D1DD0-C45F-4FC3-A686-9B1B349AE797}.Debug|x86.Build.0 = Debug|Any CPU
		{BC5D1DD0-C45F-4FC3-A686-9B1B349AE797}.DVD-5|.NET.ActiveCfg = Debug|Any CPU
		{BC5D1DD0-C45F-4FC3-A686-9B1B349AE797}.DVD-5|.NET.Build.0 = Debug|Any CPU
		{BC5D1DD0-C45F-4FC3-A686-9B1B349AE797}.DVD-5|Any CPU.ActiveCfg = Debug|Any CPU
		{BC5D1DD0-C45F-4FC3-A686-9B1B349AE797}.DVD-5|Any CPU.Build.0 = Debug|Any CPU
		{BC5D1DD0-C45F-4FC3-A686-9B1B349AE797}.DVD-5|Mixed Platforms.ActiveCfg = Debug|Any CPU
		{BC5D1DD0-C45F-4FC3-A686-9B1B349AE797}.DVD-5|Mixed Platforms.Build.0 = Debug|Any CPU
		{BC5D1DD0-C45F-4FC3-A686-9B1B349AE797}.DVD-5|x86.ActiveCfg = Debug|Any CPU
		{BC5D1DD0-C45F-4FC3-A686-9B1B349AE797}.DVD-5|x86.Build.0 = Debug|Any CPU
		{BC5D1DD0-C45F-4FC3-A686-9B1B349AE797}.Release|.NET.ActiveCfg = Release|Any CPU
		{BC5D1DD0-C45F-4FC3-A686-9B1B349AE797}.Release|.NET.Build.0 = Release|Any CPU
		{BC5D1DD0-C45F-4FC3-A686-9B1B349AE797}.Release|Any CPU.ActiveCfg = Release|Any CPU
		{BC5D1DD0-C45F-4FC3-A686-9B1B349AE797}.Release|Any CPU.Build.0 = Release|Any CPU
		{BC5D1DD0-C45F-4FC3-A686-9B1B349AE797}.Release|Mixed Platforms.ActiveCfg = Release|Any CPU
		{BC5D1DD0-C45F-4FC3-A686-9B1B349AE797}.Release|Mixed Platforms.Build.0 = Release|Any CPU
		{BC5D1DD0-C45F-4FC3-A686-9B1B349AE797}.Release|x86.ActiveCfg = Release|Any CPU
		{BC5D1DD0-C45F-4FC3-A686-9B1B349AE797}.Release|x86.Build.0 = Release|Any CPU
		{BC5D1DD0-C45F-4FC3-A686-9B1B349AE797}.SingleImage|.NET.ActiveCfg = Release|Any CPU
		{BC5D1DD0-C45F-4FC3-A686-9B1B349AE797}.SingleImage|.NET.Build.0 = Release|Any CPU
		{BC5D1DD0-C45F-4FC3-A686-9B1B349AE797}.SingleImage|Any CPU.ActiveCfg = Release|Any CPU
		{BC5D1DD0-C45F-4FC3-A686-9B1B349AE797}.SingleImage|Any CPU.Build.0 = Release|Any CPU
		{BC5D1DD0-C45F-4FC3-A686-9B1B349AE797}.SingleImage|Mixed Platforms.ActiveCfg = Release|Any CPU
		{BC5D1DD0-C45F-4FC3-A686-9B1B349AE797}.SingleImage|Mixed Platforms.Build.0 = Release|Any CPU
		{BC5D1DD0-C45F-4FC3-A686-9B1B349AE797}.SingleImage|x86.ActiveCfg = Release|Any CPU
		{BC5D1DD0-C45F-4FC3-A686-9B1B349AE797}.SingleImage|x86.Build.0 = Release|Any CPU
	EndGlobalSection
	GlobalSection(SolutionProperties) = preSolution
		HideSolutionNode = FALSE
	EndGlobalSection
	GlobalSection(NestedProjects) = preSolution
		{2D52D567-37FF-4145-A9C8-9E84FBCF6001} = {3453F6D2-EE01-4425-8E68-21AB9A8FD979}
		{149890DC-CAB6-42ED-B269-D7D0DCA78E22} = {3453F6D2-EE01-4425-8E68-21AB9A8FD979}
		{B00DAF58-933E-4BC5-AAB4-8D30398E1502} = {3453F6D2-EE01-4425-8E68-21AB9A8FD979}
		{5DE8E2B4-6932-4F71-BAC7-87221670C657} = {DEDA1A87-D358-46B1-903C-52B8F9A396A1}
		{5D01006B-50AF-4DBD-AA5F-42321F5E304A} = {DEDA1A87-D358-46B1-903C-52B8F9A396A1}
		{9B9C6C41-D261-4608-A0BD-8F9B8566E85A} = {DEDA1A87-D358-46B1-903C-52B8F9A396A1}
		{C0FAEA1D-8832-4A98-9E46-EB23794D1F39} = {121A6BDE-B572-46ED-8D7A-73EE2E2CED42}
		{6F39A70A-0594-4552-B777-F360BC2518AD} = {27632906-1FB6-43E2-A3BB-37E762CFF003}
		{DC9B9F27-6BFF-44E7-90D8-9F06977D2186} = {121A6BDE-B572-46ED-8D7A-73EE2E2CED42}
		{CA50F317-752A-48D6-BA1D-F952BD02BEC0} = {27632906-1FB6-43E2-A3BB-37E762CFF003}
		{876EDADE-754A-48B4-9E5C-37EA7B9E684C} = {DEDA1A87-D358-46B1-903C-52B8F9A396A1}
		{1614023B-A9F0-4EB5-8999-58A63CBB1249} = {5DD3B83B-E310-4BB8-970C-AB683C42F937}
		{05441D7E-3923-4E32-A620-9F6D8A0CB0F5} = {27632906-1FB6-43E2-A3BB-37E762CFF003}
		{BC5D1DD0-C45F-4FC3-A686-9B1B349AE797} = {27632906-1FB6-43E2-A3BB-37E762CFF003}
	EndGlobalSection
EndGlobal
