
Microsoft Visual Studio Solution File, Format Version 12.00
# Visual Studio Version 17
VisualStudioVersion = 17.0.31912.275
MinimumVisualStudioVersion = 10.0.40219.1
Project("{2150E333-8FDC-42A3-9474-1A3956D46DE8}") = "Applications", "Applications", "{3453F6D2-EE01-4425-8E68-21AB9A8FD979}"
EndProject
Project("{2150E333-8FDC-42A3-9474-1A3956D46DE8}") = "WebSites", "WebSites", "{5DD3B83B-E310-4BB8-970C-AB683C42F937}"
EndProject
Project("{2150E333-8FDC-42A3-9474-1A3956D46DE8}") = "CommonFunc4Web", "CommonFunc4Web", "{121A6BDE-B572-46ED-8D7A-73EE2E2CED42}"
EndProject
Project("{2150E333-8FDC-42A3-9474-1A3956D46DE8}") = "WebService", "WebService", "{9B44EC64-5A29-4F5C-A7CD-C2559E9F57FC}"
EndProject
Project("{2150E333-8FDC-42A3-9474-1A3956D46DE8}") = "Applications2", "Applications2", "{DEDA1A87-D358-46B1-903C-52B8F9A396A1}"
EndProject
Project("{2150E333-8FDC-42A3-9474-1A3956D46DE8}") = "WinApp", "WinApp", "{27632906-1FB6-43E2-A3BB-37E762CFF003}"
EndProject
Project("{FAE04EC0-301F-11D3-BF4B-00C04F79EFBC}") = "TzCommWebServerCtrlLib", "..\TzCommWebServerCtrlLib\TzCommWebServerCtrlLib.csproj", "{C0FAEA1D-8832-4A98-9E46-EB23794D1F39}"
EndProject
Project("{FAE04EC0-301F-11D3-BF4B-00C04F79EFBC}") = "TestTopology", "TestTopology\TestTopology.csproj", "{FA9EA14C-2600-4B74-80A7-FC0CD5AEED94}"
EndProject
Project("{FAE04EC0-301F-11D3-BF4B-00C04F79EFBC}") = "AgcCommBase", "AgcCommBase\AgcCommBase.csproj", "{1095E4F9-B52F-414B-89DE-41B81211A72D}"
EndProject
Project("{FAE04EC0-301F-11D3-BF4B-00C04F79EFBC}") = "AgcEntity", "AgcEntity\AgcEntity.csproj", "{5DE8E2B4-6932-4F71-BAC7-87221670C657}"
EndProject
Project("{FAE04EC0-301F-11D3-BF4B-00C04F79EFBC}") = "AgcDAL", "AgcDAL\AgcDAL.csproj", "{5D01006B-50AF-4DBD-AA5F-42321F5E304A}"
EndProject
Project("{FAE04EC0-301F-11D3-BF4B-00C04F79EFBC}") = "DanamicCompilerWeb", "DanamicCompilerWeb\DanamicCompilerWeb.csproj", "{624E3375-914A-424A-937E-CD717847C95E}"
EndProject
Project("{FAE04EC0-301F-11D3-BF4B-00C04F79EFBC}") = "AutoGCLib", "AutoGCLib\AutoGCLib.csproj", "{BABCFA57-D8E6-49C6-B23F-2507445DF4E2}"
EndProject
Project("{FAE04EC0-301F-11D3-BF4B-00C04F79EFBC}") = "AgcDynamicLib", "AgcDynamicLib\AgcDynamicLib.csproj", "{7BC35A31-4B8C-46F4-9CDC-C630A7621087}"
EndProject
Project("{FAE04EC0-301F-11D3-BF4B-00C04F79EFBC}") = "TzAdvancedLib", "TzAdvancedLib\TzAdvancedLib.csproj", "{139398F1-DF8C-4C3D-92D2-52FE18C35D73}"
EndProject
Project("{9A19103F-16F7-4668-BE54-9A1E7A4F7556}") = "TZ.Functional", "..\..\BaseClass2005\TZ.Functional\TZ.Functional.csproj", "{E6C9C5C2-A665-41FB-9FA8-9295BB2A4AA9}"
EndProject
Project("{FAE04EC0-301F-11D3-BF4B-00C04F79EFBC}") = "Tz.Functional2", "Tz.Functional2\Tz.Functional2.csproj", "{959EA755-9B59-4873-96BC-06B2236B5503}"
EndProject
Project("{FAE04EC0-301F-11D3-BF4B-00C04F79EFBC}") = "AgcBLLEx", "AgcBLLEx\AgcBLLEx.csproj", "{876EDADE-754A-48B4-9E5C-37EA7B9E684C}"
EndProject
Project("{FAE04EC0-301F-11D3-BF4B-00C04F79EFBC}") = "AgcBase", "AgcBase\AgcBase.csproj", "{37210A3C-EE22-421C-BB5C-FB3AAFBA4345}"
EndProject
Project("{FAE04EC0-301F-11D3-BF4B-00C04F79EFBC}") = "AgcPureClass", "AgcPureClass\AgcPureClass.csproj", "{09E0FFBE-E7B7-4391-A176-1233811EF857}"
EndProject
Project("{FAE04EC0-301F-11D3-BF4B-00C04F79EFBC}") = "AgcPureClassBL", "AgcPureClassBL\AgcPureClassBL.csproj", "{948D0D10-E065-4F47-B386-CA4B41966B1E}"
EndProject
Project("{FAE04EC0-301F-11D3-BF4B-00C04F79EFBC}") = "AGC4WApi", "AGC4WApi\AGC4WApi.csproj", "{A4A7B8EE-F496-4367-9486-B328584163F4}"
EndProject
Project("{F184B08F-C81C-45F6-A57F-5ABD9991F28F}") = "TestBootStrap51", "TestBootStrap51\TestBootStrap51.vbproj", "{5680D79B-8EE3-42A4-8EC7-666C560D207C}"
EndProject
Project("{FAE04EC0-301F-11D3-BF4B-00C04F79EFBC}") = "AgcWeb", "AgcWeb\AgcWeb.csproj", "{8CCD3792-9AF2-4342-8C43-DDBAC8B8B0F2}"
EndProject
Project("{FAE04EC0-301F-11D3-BF4B-00C04F79EFBC}") = "AgcWin", "AgcWin\AgcWin.csproj", "{6F39A70A-0594-4552-B777-F360BC2518AD}"
EndProject
Project("{FAE04EC0-301F-11D3-BF4B-00C04F79EFBC}") = "CMicroParserV2", "..\..\BaseClass2005\CSLexerV2\CMicroParserV2.csproj", "{54B6D13E-6D0E-405D-9B2D-1C69721F476D}"
EndProject
Project("{9A19103F-16F7-4668-BE54-9A1E7A4F7556}") = "AgcWAV3", "AgcWAV3\AgcWAV3.csproj", "{337B2805-086C-403A-8570-A61950AD2460}"
EndProject
Global
	GlobalSection(SolutionConfigurationPlatforms) = preSolution
		Debug|.NET = Debug|.NET
		Debug|Any CPU = Debug|Any CPU
		Debug|ARM = Debug|ARM
		Debug|ARM64 = Debug|ARM64
		Debug|Mixed Platforms = Debug|Mixed Platforms
		Debug|x64 = Debug|x64
		Debug|x86 = Debug|x86
		Release|.NET = Release|.NET
		Release|Any CPU = Release|Any CPU
		Release|ARM = Release|ARM
		Release|ARM64 = Release|ARM64
		Release|Mixed Platforms = Release|Mixed Platforms
		Release|x64 = Release|x64
		Release|x86 = Release|x86
	EndGlobalSection
	GlobalSection(ProjectConfigurationPlatforms) = postSolution
		{C0FAEA1D-8832-4A98-9E46-EB23794D1F39}.Debug|.NET.ActiveCfg = Debug|Any CPU
		{C0FAEA1D-8832-4A98-9E46-EB23794D1F39}.Debug|Any CPU.ActiveCfg = Debug|Any CPU
		{C0FAEA1D-8832-4A98-9E46-EB23794D1F39}.Debug|Any CPU.Build.0 = Debug|Any CPU
		{C0FAEA1D-8832-4A98-9E46-EB23794D1F39}.Debug|ARM.ActiveCfg = Debug|Any CPU
		{C0FAEA1D-8832-4A98-9E46-EB23794D1F39}.Debug|ARM.Build.0 = Debug|Any CPU
		{C0FAEA1D-8832-4A98-9E46-EB23794D1F39}.Debug|ARM64.ActiveCfg = Debug|Any CPU
		{C0FAEA1D-8832-4A98-9E46-EB23794D1F39}.Debug|ARM64.Build.0 = Debug|Any CPU
		{C0FAEA1D-8832-4A98-9E46-EB23794D1F39}.Debug|Mixed Platforms.ActiveCfg = Debug|Any CPU
		{C0FAEA1D-8832-4A98-9E46-EB23794D1F39}.Debug|Mixed Platforms.Build.0 = Debug|Any CPU
		{C0FAEA1D-8832-4A98-9E46-EB23794D1F39}.Debug|x64.ActiveCfg = Debug|x64
		{C0FAEA1D-8832-4A98-9E46-EB23794D1F39}.Debug|x64.Build.0 = Debug|x64
		{C0FAEA1D-8832-4A98-9E46-EB23794D1F39}.Debug|x86.ActiveCfg = Debug|Any CPU
		{C0FAEA1D-8832-4A98-9E46-EB23794D1F39}.Release|.NET.ActiveCfg = Release|Any CPU
		{C0FAEA1D-8832-4A98-9E46-EB23794D1F39}.Release|Any CPU.ActiveCfg = Release|Any CPU
		{C0FAEA1D-8832-4A98-9E46-EB23794D1F39}.Release|Any CPU.Build.0 = Release|Any CPU
		{C0FAEA1D-8832-4A98-9E46-EB23794D1F39}.Release|ARM.ActiveCfg = Release|Any CPU
		{C0FAEA1D-8832-4A98-9E46-EB23794D1F39}.Release|ARM.Build.0 = Release|Any CPU
		{C0FAEA1D-8832-4A98-9E46-EB23794D1F39}.Release|ARM64.ActiveCfg = Release|Any CPU
		{C0FAEA1D-8832-4A98-9E46-EB23794D1F39}.Release|ARM64.Build.0 = Release|Any CPU
		{C0FAEA1D-8832-4A98-9E46-EB23794D1F39}.Release|Mixed Platforms.ActiveCfg = Release|Any CPU
		{C0FAEA1D-8832-4A98-9E46-EB23794D1F39}.Release|Mixed Platforms.Build.0 = Release|Any CPU
		{C0FAEA1D-8832-4A98-9E46-EB23794D1F39}.Release|x64.ActiveCfg = Release|x64
		{C0FAEA1D-8832-4A98-9E46-EB23794D1F39}.Release|x64.Build.0 = Release|x64
		{C0FAEA1D-8832-4A98-9E46-EB23794D1F39}.Release|x86.ActiveCfg = Release|Any CPU
		{FA9EA14C-2600-4B74-80A7-FC0CD5AEED94}.Debug|.NET.ActiveCfg = Debug|Any CPU
		{FA9EA14C-2600-4B74-80A7-FC0CD5AEED94}.Debug|Any CPU.ActiveCfg = Debug|Any CPU
		{FA9EA14C-2600-4B74-80A7-FC0CD5AEED94}.Debug|Any CPU.Build.0 = Debug|Any CPU
		{FA9EA14C-2600-4B74-80A7-FC0CD5AEED94}.Debug|ARM.ActiveCfg = Debug|Any CPU
		{FA9EA14C-2600-4B74-80A7-FC0CD5AEED94}.Debug|ARM.Build.0 = Debug|Any CPU
		{FA9EA14C-2600-4B74-80A7-FC0CD5AEED94}.Debug|ARM64.ActiveCfg = Debug|Any CPU
		{FA9EA14C-2600-4B74-80A7-FC0CD5AEED94}.Debug|ARM64.Build.0 = Debug|Any CPU
		{FA9EA14C-2600-4B74-80A7-FC0CD5AEED94}.Debug|Mixed Platforms.ActiveCfg = Debug|Any CPU
		{FA9EA14C-2600-4B74-80A7-FC0CD5AEED94}.Debug|Mixed Platforms.Build.0 = Debug|Any CPU
		{FA9EA14C-2600-4B74-80A7-FC0CD5AEED94}.Debug|x64.ActiveCfg = Debug|Any CPU
		{FA9EA14C-2600-4B74-80A7-FC0CD5AEED94}.Debug|x64.Build.0 = Debug|Any CPU
		{FA9EA14C-2600-4B74-80A7-FC0CD5AEED94}.Debug|x86.ActiveCfg = Debug|Any CPU
		{FA9EA14C-2600-4B74-80A7-FC0CD5AEED94}.Release|.NET.ActiveCfg = Release|Any CPU
		{FA9EA14C-2600-4B74-80A7-FC0CD5AEED94}.Release|Any CPU.ActiveCfg = Release|Any CPU
		{FA9EA14C-2600-4B74-80A7-FC0CD5AEED94}.Release|Any CPU.Build.0 = Release|Any CPU
		{FA9EA14C-2600-4B74-80A7-FC0CD5AEED94}.Release|ARM.ActiveCfg = Release|Any CPU
		{FA9EA14C-2600-4B74-80A7-FC0CD5AEED94}.Release|ARM.Build.0 = Release|Any CPU
		{FA9EA14C-2600-4B74-80A7-FC0CD5AEED94}.Release|ARM64.ActiveCfg = Release|Any CPU
		{FA9EA14C-2600-4B74-80A7-FC0CD5AEED94}.Release|ARM64.Build.0 = Release|Any CPU
		{FA9EA14C-2600-4B74-80A7-FC0CD5AEED94}.Release|Mixed Platforms.ActiveCfg = Release|Any CPU
		{FA9EA14C-2600-4B74-80A7-FC0CD5AEED94}.Release|Mixed Platforms.Build.0 = Release|Any CPU
		{FA9EA14C-2600-4B74-80A7-FC0CD5AEED94}.Release|x64.ActiveCfg = Release|Any CPU
		{FA9EA14C-2600-4B74-80A7-FC0CD5AEED94}.Release|x64.Build.0 = Release|Any CPU
		{FA9EA14C-2600-4B74-80A7-FC0CD5AEED94}.Release|x86.ActiveCfg = Release|Any CPU
		{1095E4F9-B52F-414B-89DE-41B81211A72D}.Debug|.NET.ActiveCfg = Debug|Any CPU
		{1095E4F9-B52F-414B-89DE-41B81211A72D}.Debug|.NET.Build.0 = Debug|Any CPU
		{1095E4F9-B52F-414B-89DE-41B81211A72D}.Debug|Any CPU.ActiveCfg = Debug|Any CPU
		{1095E4F9-B52F-414B-89DE-41B81211A72D}.Debug|Any CPU.Build.0 = Debug|Any CPU
		{1095E4F9-B52F-414B-89DE-41B81211A72D}.Debug|ARM.ActiveCfg = Debug|Any CPU
		{1095E4F9-B52F-414B-89DE-41B81211A72D}.Debug|ARM.Build.0 = Debug|Any CPU
		{1095E4F9-B52F-414B-89DE-41B81211A72D}.Debug|ARM64.ActiveCfg = Debug|Any CPU
		{1095E4F9-B52F-414B-89DE-41B81211A72D}.Debug|ARM64.Build.0 = Debug|Any CPU
		{1095E4F9-B52F-414B-89DE-41B81211A72D}.Debug|Mixed Platforms.ActiveCfg = Debug|Any CPU
		{1095E4F9-B52F-414B-89DE-41B81211A72D}.Debug|Mixed Platforms.Build.0 = Debug|Any CPU
		{1095E4F9-B52F-414B-89DE-41B81211A72D}.Debug|x64.ActiveCfg = Debug|Any CPU
		{1095E4F9-B52F-414B-89DE-41B81211A72D}.Debug|x64.Build.0 = Debug|Any CPU
		{1095E4F9-B52F-414B-89DE-41B81211A72D}.Debug|x86.ActiveCfg = Debug|Any CPU
		{1095E4F9-B52F-414B-89DE-41B81211A72D}.Debug|x86.Build.0 = Debug|Any CPU
		{1095E4F9-B52F-414B-89DE-41B81211A72D}.Release|.NET.ActiveCfg = Release|Any CPU
		{1095E4F9-B52F-414B-89DE-41B81211A72D}.Release|.NET.Build.0 = Release|Any CPU
		{1095E4F9-B52F-414B-89DE-41B81211A72D}.Release|Any CPU.ActiveCfg = Release|Any CPU
		{1095E4F9-B52F-414B-89DE-41B81211A72D}.Release|Any CPU.Build.0 = Release|Any CPU
		{1095E4F9-B52F-414B-89DE-41B81211A72D}.Release|ARM.ActiveCfg = Release|Any CPU
		{1095E4F9-B52F-414B-89DE-41B81211A72D}.Release|ARM.Build.0 = Release|Any CPU
		{1095E4F9-B52F-414B-89DE-41B81211A72D}.Release|ARM64.ActiveCfg = Release|Any CPU
		{1095E4F9-B52F-414B-89DE-41B81211A72D}.Release|ARM64.Build.0 = Release|Any CPU
		{1095E4F9-B52F-414B-89DE-41B81211A72D}.Release|Mixed Platforms.ActiveCfg = Release|Any CPU
		{1095E4F9-B52F-414B-89DE-41B81211A72D}.Release|Mixed Platforms.Build.0 = Release|Any CPU
		{1095E4F9-B52F-414B-89DE-41B81211A72D}.Release|x64.ActiveCfg = Release|Any CPU
		{1095E4F9-B52F-414B-89DE-41B81211A72D}.Release|x64.Build.0 = Release|Any CPU
		{1095E4F9-B52F-414B-89DE-41B81211A72D}.Release|x86.ActiveCfg = Release|Any CPU
		{1095E4F9-B52F-414B-89DE-41B81211A72D}.Release|x86.Build.0 = Release|Any CPU
		{5DE8E2B4-6932-4F71-BAC7-87221670C657}.Debug|.NET.ActiveCfg = Debug|Any CPU
		{5DE8E2B4-6932-4F71-BAC7-87221670C657}.Debug|.NET.Build.0 = Debug|Any CPU
		{5DE8E2B4-6932-4F71-BAC7-87221670C657}.Debug|Any CPU.ActiveCfg = Debug|Any CPU
		{5DE8E2B4-6932-4F71-BAC7-87221670C657}.Debug|Any CPU.Build.0 = Debug|Any CPU
		{5DE8E2B4-6932-4F71-BAC7-87221670C657}.Debug|ARM.ActiveCfg = Debug|Any CPU
		{5DE8E2B4-6932-4F71-BAC7-87221670C657}.Debug|ARM.Build.0 = Debug|Any CPU
		{5DE8E2B4-6932-4F71-BAC7-87221670C657}.Debug|ARM64.ActiveCfg = Debug|Any CPU
		{5DE8E2B4-6932-4F71-BAC7-87221670C657}.Debug|ARM64.Build.0 = Debug|Any CPU
		{5DE8E2B4-6932-4F71-BAC7-87221670C657}.Debug|Mixed Platforms.ActiveCfg = Debug|Any CPU
		{5DE8E2B4-6932-4F71-BAC7-87221670C657}.Debug|Mixed Platforms.Build.0 = Debug|Any CPU
		{5DE8E2B4-6932-4F71-BAC7-87221670C657}.Debug|x64.ActiveCfg = Debug|Any CPU
		{5DE8E2B4-6932-4F71-BAC7-87221670C657}.Debug|x64.Build.0 = Debug|Any CPU
		{5DE8E2B4-6932-4F71-BAC7-87221670C657}.Debug|x86.ActiveCfg = Debug|Any CPU
		{5DE8E2B4-6932-4F71-BAC7-87221670C657}.Debug|x86.Build.0 = Debug|Any CPU
		{5DE8E2B4-6932-4F71-BAC7-87221670C657}.Release|.NET.ActiveCfg = Release|Any CPU
		{5DE8E2B4-6932-4F71-BAC7-87221670C657}.Release|.NET.Build.0 = Release|Any CPU
		{5DE8E2B4-6932-4F71-BAC7-87221670C657}.Release|Any CPU.ActiveCfg = Release|Any CPU
		{5DE8E2B4-6932-4F71-BAC7-87221670C657}.Release|Any CPU.Build.0 = Release|Any CPU
		{5DE8E2B4-6932-4F71-BAC7-87221670C657}.Release|ARM.ActiveCfg = Release|Any CPU
		{5DE8E2B4-6932-4F71-BAC7-87221670C657}.Release|ARM.Build.0 = Release|Any CPU
		{5DE8E2B4-6932-4F71-BAC7-87221670C657}.Release|ARM64.ActiveCfg = Release|Any CPU
		{5DE8E2B4-6932-4F71-BAC7-87221670C657}.Release|ARM64.Build.0 = Release|Any CPU
		{5DE8E2B4-6932-4F71-BAC7-87221670C657}.Release|Mixed Platforms.ActiveCfg = Release|Any CPU
		{5DE8E2B4-6932-4F71-BAC7-87221670C657}.Release|Mixed Platforms.Build.0 = Release|Any CPU
		{5DE8E2B4-6932-4F71-BAC7-87221670C657}.Release|x64.ActiveCfg = Release|Any CPU
		{5DE8E2B4-6932-4F71-BAC7-87221670C657}.Release|x64.Build.0 = Release|Any CPU
		{5DE8E2B4-6932-4F71-BAC7-87221670C657}.Release|x86.ActiveCfg = Release|Any CPU
		{5DE8E2B4-6932-4F71-BAC7-87221670C657}.Release|x86.Build.0 = Release|Any CPU
		{5D01006B-50AF-4DBD-AA5F-42321F5E304A}.Debug|.NET.ActiveCfg = Debug|Any CPU
		{5D01006B-50AF-4DBD-AA5F-42321F5E304A}.Debug|.NET.Build.0 = Debug|Any CPU
		{5D01006B-50AF-4DBD-AA5F-42321F5E304A}.Debug|Any CPU.ActiveCfg = Debug|Any CPU
		{5D01006B-50AF-4DBD-AA5F-42321F5E304A}.Debug|Any CPU.Build.0 = Debug|Any CPU
		{5D01006B-50AF-4DBD-AA5F-42321F5E304A}.Debug|ARM.ActiveCfg = Debug|Any CPU
		{5D01006B-50AF-4DBD-AA5F-42321F5E304A}.Debug|ARM.Build.0 = Debug|Any CPU
		{5D01006B-50AF-4DBD-AA5F-42321F5E304A}.Debug|ARM64.ActiveCfg = Debug|Any CPU
		{5D01006B-50AF-4DBD-AA5F-42321F5E304A}.Debug|ARM64.Build.0 = Debug|Any CPU
		{5D01006B-50AF-4DBD-AA5F-42321F5E304A}.Debug|Mixed Platforms.ActiveCfg = Debug|Any CPU
		{5D01006B-50AF-4DBD-AA5F-42321F5E304A}.Debug|Mixed Platforms.Build.0 = Debug|Any CPU
		{5D01006B-50AF-4DBD-AA5F-42321F5E304A}.Debug|x64.ActiveCfg = Debug|Any CPU
		{5D01006B-50AF-4DBD-AA5F-42321F5E304A}.Debug|x64.Build.0 = Debug|Any CPU
		{5D01006B-50AF-4DBD-AA5F-42321F5E304A}.Debug|x86.ActiveCfg = Debug|Any CPU
		{5D01006B-50AF-4DBD-AA5F-42321F5E304A}.Debug|x86.Build.0 = Debug|Any CPU
		{5D01006B-50AF-4DBD-AA5F-42321F5E304A}.Release|.NET.ActiveCfg = Release|Any CPU
		{5D01006B-50AF-4DBD-AA5F-42321F5E304A}.Release|.NET.Build.0 = Release|Any CPU
		{5D01006B-50AF-4DBD-AA5F-42321F5E304A}.Release|Any CPU.ActiveCfg = Release|Any CPU
		{5D01006B-50AF-4DBD-AA5F-42321F5E304A}.Release|Any CPU.Build.0 = Release|Any CPU
		{5D01006B-50AF-4DBD-AA5F-42321F5E304A}.Release|ARM.ActiveCfg = Release|Any CPU
		{5D01006B-50AF-4DBD-AA5F-42321F5E304A}.Release|ARM.Build.0 = Release|Any CPU
		{5D01006B-50AF-4DBD-AA5F-42321F5E304A}.Release|ARM64.ActiveCfg = Release|Any CPU
		{5D01006B-50AF-4DBD-AA5F-42321F5E304A}.Release|ARM64.Build.0 = Release|Any CPU
		{5D01006B-50AF-4DBD-AA5F-42321F5E304A}.Release|Mixed Platforms.ActiveCfg = Release|Any CPU
		{5D01006B-50AF-4DBD-AA5F-42321F5E304A}.Release|Mixed Platforms.Build.0 = Release|Any CPU
		{5D01006B-50AF-4DBD-AA5F-42321F5E304A}.Release|x64.ActiveCfg = Release|Any CPU
		{5D01006B-50AF-4DBD-AA5F-42321F5E304A}.Release|x64.Build.0 = Release|Any CPU
		{5D01006B-50AF-4DBD-AA5F-42321F5E304A}.Release|x86.ActiveCfg = Release|Any CPU
		{5D01006B-50AF-4DBD-AA5F-42321F5E304A}.Release|x86.Build.0 = Release|Any CPU
		{624E3375-914A-424A-937E-CD717847C95E}.Debug|.NET.ActiveCfg = Debug|Any CPU
		{624E3375-914A-424A-937E-CD717847C95E}.Debug|.NET.Build.0 = Debug|Any CPU
		{624E3375-914A-424A-937E-CD717847C95E}.Debug|Any CPU.ActiveCfg = Debug|Any CPU
		{624E3375-914A-424A-937E-CD717847C95E}.Debug|Any CPU.Build.0 = Debug|Any CPU
		{624E3375-914A-424A-937E-CD717847C95E}.Debug|ARM.ActiveCfg = Debug|Any CPU
		{624E3375-914A-424A-937E-CD717847C95E}.Debug|ARM.Build.0 = Debug|Any CPU
		{624E3375-914A-424A-937E-CD717847C95E}.Debug|ARM64.ActiveCfg = Debug|Any CPU
		{624E3375-914A-424A-937E-CD717847C95E}.Debug|ARM64.Build.0 = Debug|Any CPU
		{624E3375-914A-424A-937E-CD717847C95E}.Debug|Mixed Platforms.ActiveCfg = Debug|Any CPU
		{624E3375-914A-424A-937E-CD717847C95E}.Debug|Mixed Platforms.Build.0 = Debug|Any CPU
		{624E3375-914A-424A-937E-CD717847C95E}.Debug|x64.ActiveCfg = Debug|Any CPU
		{624E3375-914A-424A-937E-CD717847C95E}.Debug|x64.Build.0 = Debug|Any CPU
		{624E3375-914A-424A-937E-CD717847C95E}.Debug|x86.ActiveCfg = Debug|Any CPU
		{624E3375-914A-424A-937E-CD717847C95E}.Debug|x86.Build.0 = Debug|Any CPU
		{624E3375-914A-424A-937E-CD717847C95E}.Release|.NET.ActiveCfg = Release|Any CPU
		{624E3375-914A-424A-937E-CD717847C95E}.Release|.NET.Build.0 = Release|Any CPU
		{624E3375-914A-424A-937E-CD717847C95E}.Release|Any CPU.ActiveCfg = Release|Any CPU
		{624E3375-914A-424A-937E-CD717847C95E}.Release|Any CPU.Build.0 = Release|Any CPU
		{624E3375-914A-424A-937E-CD717847C95E}.Release|ARM.ActiveCfg = Release|Any CPU
		{624E3375-914A-424A-937E-CD717847C95E}.Release|ARM.Build.0 = Release|Any CPU
		{624E3375-914A-424A-937E-CD717847C95E}.Release|ARM64.ActiveCfg = Release|Any CPU
		{624E3375-914A-424A-937E-CD717847C95E}.Release|ARM64.Build.0 = Release|Any CPU
		{624E3375-914A-424A-937E-CD717847C95E}.Release|Mixed Platforms.ActiveCfg = Release|Any CPU
		{624E3375-914A-424A-937E-CD717847C95E}.Release|Mixed Platforms.Build.0 = Release|Any CPU
		{624E3375-914A-424A-937E-CD717847C95E}.Release|x64.ActiveCfg = Release|Any CPU
		{624E3375-914A-424A-937E-CD717847C95E}.Release|x64.Build.0 = Release|Any CPU
		{624E3375-914A-424A-937E-CD717847C95E}.Release|x86.ActiveCfg = Release|Any CPU
		{624E3375-914A-424A-937E-CD717847C95E}.Release|x86.Build.0 = Release|Any CPU
		{BABCFA57-D8E6-49C6-B23F-2507445DF4E2}.Debug|.NET.ActiveCfg = Debug|Any CPU
		{BABCFA57-D8E6-49C6-B23F-2507445DF4E2}.Debug|.NET.Build.0 = Debug|Any CPU
		{BABCFA57-D8E6-49C6-B23F-2507445DF4E2}.Debug|Any CPU.ActiveCfg = Debug|Any CPU
		{BABCFA57-D8E6-49C6-B23F-2507445DF4E2}.Debug|Any CPU.Build.0 = Debug|Any CPU
		{BABCFA57-D8E6-49C6-B23F-2507445DF4E2}.Debug|ARM.ActiveCfg = Debug|Any CPU
		{BABCFA57-D8E6-49C6-B23F-2507445DF4E2}.Debug|ARM.Build.0 = Debug|Any CPU
		{BABCFA57-D8E6-49C6-B23F-2507445DF4E2}.Debug|ARM64.ActiveCfg = Debug|Any CPU
		{BABCFA57-D8E6-49C6-B23F-2507445DF4E2}.Debug|ARM64.Build.0 = Debug|Any CPU
		{BABCFA57-D8E6-49C6-B23F-2507445DF4E2}.Debug|Mixed Platforms.ActiveCfg = Debug|Any CPU
		{BABCFA57-D8E6-49C6-B23F-2507445DF4E2}.Debug|Mixed Platforms.Build.0 = Debug|Any CPU
		{BABCFA57-D8E6-49C6-B23F-2507445DF4E2}.Debug|x64.ActiveCfg = Debug|Any CPU
		{BABCFA57-D8E6-49C6-B23F-2507445DF4E2}.Debug|x64.Build.0 = Debug|Any CPU
		{BABCFA57-D8E6-49C6-B23F-2507445DF4E2}.Debug|x86.ActiveCfg = Debug|Any CPU
		{BABCFA57-D8E6-49C6-B23F-2507445DF4E2}.Debug|x86.Build.0 = Debug|Any CPU
		{BABCFA57-D8E6-49C6-B23F-2507445DF4E2}.Release|.NET.ActiveCfg = Release|Any CPU
		{BABCFA57-D8E6-49C6-B23F-2507445DF4E2}.Release|.NET.Build.0 = Release|Any CPU
		{BABCFA57-D8E6-49C6-B23F-2507445DF4E2}.Release|Any CPU.ActiveCfg = Release|Any CPU
		{BABCFA57-D8E6-49C6-B23F-2507445DF4E2}.Release|Any CPU.Build.0 = Release|Any CPU
		{BABCFA57-D8E6-49C6-B23F-2507445DF4E2}.Release|ARM.ActiveCfg = Release|Any CPU
		{BABCFA57-D8E6-49C6-B23F-2507445DF4E2}.Release|ARM.Build.0 = Release|Any CPU
		{BABCFA57-D8E6-49C6-B23F-2507445DF4E2}.Release|ARM64.ActiveCfg = Release|Any CPU
		{BABCFA57-D8E6-49C6-B23F-2507445DF4E2}.Release|ARM64.Build.0 = Release|Any CPU
		{BABCFA57-D8E6-49C6-B23F-2507445DF4E2}.Release|Mixed Platforms.ActiveCfg = Release|Any CPU
		{BABCFA57-D8E6-49C6-B23F-2507445DF4E2}.Release|Mixed Platforms.Build.0 = Release|Any CPU
		{BABCFA57-D8E6-49C6-B23F-2507445DF4E2}.Release|x64.ActiveCfg = Release|Any CPU
		{BABCFA57-D8E6-49C6-B23F-2507445DF4E2}.Release|x64.Build.0 = Release|Any CPU
		{BABCFA57-D8E6-49C6-B23F-2507445DF4E2}.Release|x86.ActiveCfg = Release|Any CPU
		{BABCFA57-D8E6-49C6-B23F-2507445DF4E2}.Release|x86.Build.0 = Release|Any CPU
		{7BC35A31-4B8C-46F4-9CDC-C630A7621087}.Debug|.NET.ActiveCfg = Debug|Any CPU
		{7BC35A31-4B8C-46F4-9CDC-C630A7621087}.Debug|.NET.Build.0 = Debug|Any CPU
		{7BC35A31-4B8C-46F4-9CDC-C630A7621087}.Debug|Any CPU.ActiveCfg = Debug|Any CPU
		{7BC35A31-4B8C-46F4-9CDC-C630A7621087}.Debug|Any CPU.Build.0 = Debug|Any CPU
		{7BC35A31-4B8C-46F4-9CDC-C630A7621087}.Debug|ARM.ActiveCfg = Debug|Any CPU
		{7BC35A31-4B8C-46F4-9CDC-C630A7621087}.Debug|ARM.Build.0 = Debug|Any CPU
		{7BC35A31-4B8C-46F4-9CDC-C630A7621087}.Debug|ARM64.ActiveCfg = Debug|Any CPU
		{7BC35A31-4B8C-46F4-9CDC-C630A7621087}.Debug|ARM64.Build.0 = Debug|Any CPU
		{7BC35A31-4B8C-46F4-9CDC-C630A7621087}.Debug|Mixed Platforms.ActiveCfg = Debug|Any CPU
		{7BC35A31-4B8C-46F4-9CDC-C630A7621087}.Debug|Mixed Platforms.Build.0 = Debug|Any CPU
		{7BC35A31-4B8C-46F4-9CDC-C630A7621087}.Debug|x64.ActiveCfg = Debug|Any CPU
		{7BC35A31-4B8C-46F4-9CDC-C630A7621087}.Debug|x64.Build.0 = Debug|Any CPU
		{7BC35A31-4B8C-46F4-9CDC-C630A7621087}.Debug|x86.ActiveCfg = Debug|Any CPU
		{7BC35A31-4B8C-46F4-9CDC-C630A7621087}.Debug|x86.Build.0 = Debug|Any CPU
		{7BC35A31-4B8C-46F4-9CDC-C630A7621087}.Release|.NET.ActiveCfg = Release|Any CPU
		{7BC35A31-4B8C-46F4-9CDC-C630A7621087}.Release|.NET.Build.0 = Release|Any CPU
		{7BC35A31-4B8C-46F4-9CDC-C630A7621087}.Release|Any CPU.ActiveCfg = Release|Any CPU
		{7BC35A31-4B8C-46F4-9CDC-C630A7621087}.Release|Any CPU.Build.0 = Release|Any CPU
		{7BC35A31-4B8C-46F4-9CDC-C630A7621087}.Release|ARM.ActiveCfg = Release|Any CPU
		{7BC35A31-4B8C-46F4-9CDC-C630A7621087}.Release|ARM.Build.0 = Release|Any CPU
		{7BC35A31-4B8C-46F4-9CDC-C630A7621087}.Release|ARM64.ActiveCfg = Release|Any CPU
		{7BC35A31-4B8C-46F4-9CDC-C630A7621087}.Release|ARM64.Build.0 = Release|Any CPU
		{7BC35A31-4B8C-46F4-9CDC-C630A7621087}.Release|Mixed Platforms.ActiveCfg = Release|Any CPU
		{7BC35A31-4B8C-46F4-9CDC-C630A7621087}.Release|Mixed Platforms.Build.0 = Release|Any CPU
		{7BC35A31-4B8C-46F4-9CDC-C630A7621087}.Release|x64.ActiveCfg = Release|Any CPU
		{7BC35A31-4B8C-46F4-9CDC-C630A7621087}.Release|x64.Build.0 = Release|Any CPU
		{7BC35A31-4B8C-46F4-9CDC-C630A7621087}.Release|x86.ActiveCfg = Release|Any CPU
		{7BC35A31-4B8C-46F4-9CDC-C630A7621087}.Release|x86.Build.0 = Release|Any CPU
		{139398F1-DF8C-4C3D-92D2-52FE18C35D73}.Debug|.NET.ActiveCfg = Debug|Any CPU
		{139398F1-DF8C-4C3D-92D2-52FE18C35D73}.Debug|.NET.Build.0 = Debug|Any CPU
		{139398F1-DF8C-4C3D-92D2-52FE18C35D73}.Debug|Any CPU.ActiveCfg = Debug|Any CPU
		{139398F1-DF8C-4C3D-92D2-52FE18C35D73}.Debug|Any CPU.Build.0 = Debug|Any CPU
		{139398F1-DF8C-4C3D-92D2-52FE18C35D73}.Debug|ARM.ActiveCfg = Debug|Any CPU
		{139398F1-DF8C-4C3D-92D2-52FE18C35D73}.Debug|ARM.Build.0 = Debug|Any CPU
		{139398F1-DF8C-4C3D-92D2-52FE18C35D73}.Debug|ARM64.ActiveCfg = Debug|Any CPU
		{139398F1-DF8C-4C3D-92D2-52FE18C35D73}.Debug|ARM64.Build.0 = Debug|Any CPU
		{139398F1-DF8C-4C3D-92D2-52FE18C35D73}.Debug|Mixed Platforms.ActiveCfg = Debug|Any CPU
		{139398F1-DF8C-4C3D-92D2-52FE18C35D73}.Debug|Mixed Platforms.Build.0 = Debug|Any CPU
		{139398F1-DF8C-4C3D-92D2-52FE18C35D73}.Debug|x64.ActiveCfg = Debug|Any CPU
		{139398F1-DF8C-4C3D-92D2-52FE18C35D73}.Debug|x64.Build.0 = Debug|Any CPU
		{139398F1-DF8C-4C3D-92D2-52FE18C35D73}.Debug|x86.ActiveCfg = Debug|Any CPU
		{139398F1-DF8C-4C3D-92D2-52FE18C35D73}.Debug|x86.Build.0 = Debug|Any CPU
		{139398F1-DF8C-4C3D-92D2-52FE18C35D73}.Release|.NET.ActiveCfg = Release|Any CPU
		{139398F1-DF8C-4C3D-92D2-52FE18C35D73}.Release|.NET.Build.0 = Release|Any CPU
		{139398F1-DF8C-4C3D-92D2-52FE18C35D73}.Release|Any CPU.ActiveCfg = Release|Any CPU
		{139398F1-DF8C-4C3D-92D2-52FE18C35D73}.Release|Any CPU.Build.0 = Release|Any CPU
		{139398F1-DF8C-4C3D-92D2-52FE18C35D73}.Release|ARM.ActiveCfg = Release|Any CPU
		{139398F1-DF8C-4C3D-92D2-52FE18C35D73}.Release|ARM.Build.0 = Release|Any CPU
		{139398F1-DF8C-4C3D-92D2-52FE18C35D73}.Release|ARM64.ActiveCfg = Release|Any CPU
		{139398F1-DF8C-4C3D-92D2-52FE18C35D73}.Release|ARM64.Build.0 = Release|Any CPU
		{139398F1-DF8C-4C3D-92D2-52FE18C35D73}.Release|Mixed Platforms.ActiveCfg = Release|Any CPU
		{139398F1-DF8C-4C3D-92D2-52FE18C35D73}.Release|Mixed Platforms.Build.0 = Release|Any CPU
		{139398F1-DF8C-4C3D-92D2-52FE18C35D73}.Release|x64.ActiveCfg = Release|Any CPU
		{139398F1-DF8C-4C3D-92D2-52FE18C35D73}.Release|x64.Build.0 = Release|Any CPU
		{139398F1-DF8C-4C3D-92D2-52FE18C35D73}.Release|x86.ActiveCfg = Release|Any CPU
		{139398F1-DF8C-4C3D-92D2-52FE18C35D73}.Release|x86.Build.0 = Release|Any CPU
		{E6C9C5C2-A665-41FB-9FA8-9295BB2A4AA9}.Debug|.NET.ActiveCfg = Debug|Any CPU
		{E6C9C5C2-A665-41FB-9FA8-9295BB2A4AA9}.Debug|.NET.Build.0 = Debug|Any CPU
		{E6C9C5C2-A665-41FB-9FA8-9295BB2A4AA9}.Debug|Any CPU.ActiveCfg = Debug|Any CPU
		{E6C9C5C2-A665-41FB-9FA8-9295BB2A4AA9}.Debug|Any CPU.Build.0 = Debug|Any CPU
		{E6C9C5C2-A665-41FB-9FA8-9295BB2A4AA9}.Debug|ARM.ActiveCfg = Debug|Any CPU
		{E6C9C5C2-A665-41FB-9FA8-9295BB2A4AA9}.Debug|ARM64.ActiveCfg = Debug|Any CPU
		{E6C9C5C2-A665-41FB-9FA8-9295BB2A4AA9}.Debug|Mixed Platforms.ActiveCfg = Debug|Any CPU
		{E6C9C5C2-A665-41FB-9FA8-9295BB2A4AA9}.Debug|Mixed Platforms.Build.0 = Debug|Any CPU
		{E6C9C5C2-A665-41FB-9FA8-9295BB2A4AA9}.Debug|x64.ActiveCfg = Debug|Any CPU
		{E6C9C5C2-A665-41FB-9FA8-9295BB2A4AA9}.Debug|x64.Build.0 = Debug|Any CPU
		{E6C9C5C2-A665-41FB-9FA8-9295BB2A4AA9}.Debug|x86.ActiveCfg = Debug|Any CPU
		{E6C9C5C2-A665-41FB-9FA8-9295BB2A4AA9}.Debug|x86.Build.0 = Debug|Any CPU
		{E6C9C5C2-A665-41FB-9FA8-9295BB2A4AA9}.Release|.NET.ActiveCfg = Release|Any CPU
		{E6C9C5C2-A665-41FB-9FA8-9295BB2A4AA9}.Release|.NET.Build.0 = Release|Any CPU
		{E6C9C5C2-A665-41FB-9FA8-9295BB2A4AA9}.Release|Any CPU.ActiveCfg = Release|Any CPU
		{E6C9C5C2-A665-41FB-9FA8-9295BB2A4AA9}.Release|Any CPU.Build.0 = Release|Any CPU
		{E6C9C5C2-A665-41FB-9FA8-9295BB2A4AA9}.Release|ARM.ActiveCfg = Release|Any CPU
		{E6C9C5C2-A665-41FB-9FA8-9295BB2A4AA9}.Release|ARM64.ActiveCfg = Release|Any CPU
		{E6C9C5C2-A665-41FB-9FA8-9295BB2A4AA9}.Release|Mixed Platforms.ActiveCfg = Release|Any CPU
		{E6C9C5C2-A665-41FB-9FA8-9295BB2A4AA9}.Release|Mixed Platforms.Build.0 = Release|Any CPU
		{E6C9C5C2-A665-41FB-9FA8-9295BB2A4AA9}.Release|x64.ActiveCfg = Release|Any CPU
		{E6C9C5C2-A665-41FB-9FA8-9295BB2A4AA9}.Release|x64.Build.0 = Release|Any CPU
		{E6C9C5C2-A665-41FB-9FA8-9295BB2A4AA9}.Release|x86.ActiveCfg = Release|Any CPU
		{E6C9C5C2-A665-41FB-9FA8-9295BB2A4AA9}.Release|x86.Build.0 = Release|Any CPU
		{959EA755-9B59-4873-96BC-06B2236B5503}.Debug|.NET.ActiveCfg = Debug|Any CPU
		{959EA755-9B59-4873-96BC-06B2236B5503}.Debug|.NET.Build.0 = Debug|Any CPU
		{959EA755-9B59-4873-96BC-06B2236B5503}.Debug|Any CPU.ActiveCfg = Debug|Any CPU
		{959EA755-9B59-4873-96BC-06B2236B5503}.Debug|Any CPU.Build.0 = Debug|Any CPU
		{959EA755-9B59-4873-96BC-06B2236B5503}.Debug|ARM.ActiveCfg = Debug|Any CPU
		{959EA755-9B59-4873-96BC-06B2236B5503}.Debug|ARM.Build.0 = Debug|Any CPU
		{959EA755-9B59-4873-96BC-06B2236B5503}.Debug|ARM64.ActiveCfg = Debug|Any CPU
		{959EA755-9B59-4873-96BC-06B2236B5503}.Debug|ARM64.Build.0 = Debug|Any CPU
		{959EA755-9B59-4873-96BC-06B2236B5503}.Debug|Mixed Platforms.ActiveCfg = Debug|Any CPU
		{959EA755-9B59-4873-96BC-06B2236B5503}.Debug|Mixed Platforms.Build.0 = Debug|Any CPU
		{959EA755-9B59-4873-96BC-06B2236B5503}.Debug|x64.ActiveCfg = Debug|Any CPU
		{959EA755-9B59-4873-96BC-06B2236B5503}.Debug|x64.Build.0 = Debug|Any CPU
		{959EA755-9B59-4873-96BC-06B2236B5503}.Debug|x86.ActiveCfg = Debug|Any CPU
		{959EA755-9B59-4873-96BC-06B2236B5503}.Debug|x86.Build.0 = Debug|Any CPU
		{959EA755-9B59-4873-96BC-06B2236B5503}.Release|.NET.ActiveCfg = Release|Any CPU
		{959EA755-9B59-4873-96BC-06B2236B5503}.Release|.NET.Build.0 = Release|Any CPU
		{959EA755-9B59-4873-96BC-06B2236B5503}.Release|Any CPU.ActiveCfg = Release|Any CPU
		{959EA755-9B59-4873-96BC-06B2236B5503}.Release|Any CPU.Build.0 = Release|Any CPU
		{959EA755-9B59-4873-96BC-06B2236B5503}.Release|ARM.ActiveCfg = Release|Any CPU
		{959EA755-9B59-4873-96BC-06B2236B5503}.Release|ARM.Build.0 = Release|Any CPU
		{959EA755-9B59-4873-96BC-06B2236B5503}.Release|ARM64.ActiveCfg = Release|Any CPU
		{959EA755-9B59-4873-96BC-06B2236B5503}.Release|ARM64.Build.0 = Release|Any CPU
		{959EA755-9B59-4873-96BC-06B2236B5503}.Release|Mixed Platforms.ActiveCfg = Release|Any CPU
		{959EA755-9B59-4873-96BC-06B2236B5503}.Release|Mixed Platforms.Build.0 = Release|Any CPU
		{959EA755-9B59-4873-96BC-06B2236B5503}.Release|x64.ActiveCfg = Release|Any CPU
		{959EA755-9B59-4873-96BC-06B2236B5503}.Release|x64.Build.0 = Release|Any CPU
		{959EA755-9B59-4873-96BC-06B2236B5503}.Release|x86.ActiveCfg = Release|Any CPU
		{959EA755-9B59-4873-96BC-06B2236B5503}.Release|x86.Build.0 = Release|Any CPU
		{876EDADE-754A-48B4-9E5C-37EA7B9E684C}.Debug|.NET.ActiveCfg = Debug|Any CPU
		{876EDADE-754A-48B4-9E5C-37EA7B9E684C}.Debug|.NET.Build.0 = Debug|Any CPU
		{876EDADE-754A-48B4-9E5C-37EA7B9E684C}.Debug|Any CPU.ActiveCfg = Debug|Any CPU
		{876EDADE-754A-48B4-9E5C-37EA7B9E684C}.Debug|Any CPU.Build.0 = Debug|Any CPU
		{876EDADE-754A-48B4-9E5C-37EA7B9E684C}.Debug|ARM.ActiveCfg = Debug|Any CPU
		{876EDADE-754A-48B4-9E5C-37EA7B9E684C}.Debug|ARM.Build.0 = Debug|Any CPU
		{876EDADE-754A-48B4-9E5C-37EA7B9E684C}.Debug|ARM64.ActiveCfg = Debug|Any CPU
		{876EDADE-754A-48B4-9E5C-37EA7B9E684C}.Debug|ARM64.Build.0 = Debug|Any CPU
		{876EDADE-754A-48B4-9E5C-37EA7B9E684C}.Debug|Mixed Platforms.ActiveCfg = Debug|Any CPU
		{876EDADE-754A-48B4-9E5C-37EA7B9E684C}.Debug|Mixed Platforms.Build.0 = Debug|Any CPU
		{876EDADE-754A-48B4-9E5C-37EA7B9E684C}.Debug|x64.ActiveCfg = Debug|Any CPU
		{876EDADE-754A-48B4-9E5C-37EA7B9E684C}.Debug|x64.Build.0 = Debug|Any CPU
		{876EDADE-754A-48B4-9E5C-37EA7B9E684C}.Debug|x86.ActiveCfg = Debug|Any CPU
		{876EDADE-754A-48B4-9E5C-37EA7B9E684C}.Debug|x86.Build.0 = Debug|Any CPU
		{876EDADE-754A-48B4-9E5C-37EA7B9E684C}.Release|.NET.ActiveCfg = Release|Any CPU
		{876EDADE-754A-48B4-9E5C-37EA7B9E684C}.Release|.NET.Build.0 = Release|Any CPU
		{876EDADE-754A-48B4-9E5C-37EA7B9E684C}.Release|Any CPU.ActiveCfg = Release|Any CPU
		{876EDADE-754A-48B4-9E5C-37EA7B9E684C}.Release|Any CPU.Build.0 = Release|Any CPU
		{876EDADE-754A-48B4-9E5C-37EA7B9E684C}.Release|ARM.ActiveCfg = Release|Any CPU
		{876EDADE-754A-48B4-9E5C-37EA7B9E684C}.Release|ARM.Build.0 = Release|Any CPU
		{876EDADE-754A-48B4-9E5C-37EA7B9E684C}.Release|ARM64.ActiveCfg = Release|Any CPU
		{876EDADE-754A-48B4-9E5C-37EA7B9E684C}.Release|ARM64.Build.0 = Release|Any CPU
		{876EDADE-754A-48B4-9E5C-37EA7B9E684C}.Release|Mixed Platforms.ActiveCfg = Release|Any CPU
		{876EDADE-754A-48B4-9E5C-37EA7B9E684C}.Release|Mixed Platforms.Build.0 = Release|Any CPU
		{876EDADE-754A-48B4-9E5C-37EA7B9E684C}.Release|x64.ActiveCfg = Release|Any CPU
		{876EDADE-754A-48B4-9E5C-37EA7B9E684C}.Release|x64.Build.0 = Release|Any CPU
		{876EDADE-754A-48B4-9E5C-37EA7B9E684C}.Release|x86.ActiveCfg = Release|Any CPU
		{876EDADE-754A-48B4-9E5C-37EA7B9E684C}.Release|x86.Build.0 = Release|Any CPU
		{37210A3C-EE22-421C-BB5C-FB3AAFBA4345}.Debug|.NET.ActiveCfg = Debug|Any CPU
		{37210A3C-EE22-421C-BB5C-FB3AAFBA4345}.Debug|.NET.Build.0 = Debug|Any CPU
		{37210A3C-EE22-421C-BB5C-FB3AAFBA4345}.Debug|Any CPU.ActiveCfg = Debug|Any CPU
		{37210A3C-EE22-421C-BB5C-FB3AAFBA4345}.Debug|Any CPU.Build.0 = Debug|Any CPU
		{37210A3C-EE22-421C-BB5C-FB3AAFBA4345}.Debug|ARM.ActiveCfg = Debug|Any CPU
		{37210A3C-EE22-421C-BB5C-FB3AAFBA4345}.Debug|ARM.Build.0 = Debug|Any CPU
		{37210A3C-EE22-421C-BB5C-FB3AAFBA4345}.Debug|ARM64.ActiveCfg = Debug|Any CPU
		{37210A3C-EE22-421C-BB5C-FB3AAFBA4345}.Debug|ARM64.Build.0 = Debug|Any CPU
		{37210A3C-EE22-421C-BB5C-FB3AAFBA4345}.Debug|Mixed Platforms.ActiveCfg = Debug|Any CPU
		{37210A3C-EE22-421C-BB5C-FB3AAFBA4345}.Debug|Mixed Platforms.Build.0 = Debug|Any CPU
		{37210A3C-EE22-421C-BB5C-FB3AAFBA4345}.Debug|x64.ActiveCfg = Debug|Any CPU
		{37210A3C-EE22-421C-BB5C-FB3AAFBA4345}.Debug|x64.Build.0 = Debug|Any CPU
		{37210A3C-EE22-421C-BB5C-FB3AAFBA4345}.Debug|x86.ActiveCfg = Debug|Any CPU
		{37210A3C-EE22-421C-BB5C-FB3AAFBA4345}.Debug|x86.Build.0 = Debug|Any CPU
		{37210A3C-EE22-421C-BB5C-FB3AAFBA4345}.Release|.NET.ActiveCfg = Release|Any CPU
		{37210A3C-EE22-421C-BB5C-FB3AAFBA4345}.Release|.NET.Build.0 = Release|Any CPU
		{37210A3C-EE22-421C-BB5C-FB3AAFBA4345}.Release|Any CPU.ActiveCfg = Release|Any CPU
		{37210A3C-EE22-421C-BB5C-FB3AAFBA4345}.Release|Any CPU.Build.0 = Release|Any CPU
		{37210A3C-EE22-421C-BB5C-FB3AAFBA4345}.Release|ARM.ActiveCfg = Release|Any CPU
		{37210A3C-EE22-421C-BB5C-FB3AAFBA4345}.Release|ARM.Build.0 = Release|Any CPU
		{37210A3C-EE22-421C-BB5C-FB3AAFBA4345}.Release|ARM64.ActiveCfg = Release|Any CPU
		{37210A3C-EE22-421C-BB5C-FB3AAFBA4345}.Release|ARM64.Build.0 = Release|Any CPU
		{37210A3C-EE22-421C-BB5C-FB3AAFBA4345}.Release|Mixed Platforms.ActiveCfg = Release|Any CPU
		{37210A3C-EE22-421C-BB5C-FB3AAFBA4345}.Release|Mixed Platforms.Build.0 = Release|Any CPU
		{37210A3C-EE22-421C-BB5C-FB3AAFBA4345}.Release|x64.ActiveCfg = Release|Any CPU
		{37210A3C-EE22-421C-BB5C-FB3AAFBA4345}.Release|x64.Build.0 = Release|Any CPU
		{37210A3C-EE22-421C-BB5C-FB3AAFBA4345}.Release|x86.ActiveCfg = Release|Any CPU
		{37210A3C-EE22-421C-BB5C-FB3AAFBA4345}.Release|x86.Build.0 = Release|Any CPU
		{09E0FFBE-E7B7-4391-A176-1233811EF857}.Debug|.NET.ActiveCfg = Debug|Any CPU
		{09E0FFBE-E7B7-4391-A176-1233811EF857}.Debug|.NET.Build.0 = Debug|Any CPU
		{09E0FFBE-E7B7-4391-A176-1233811EF857}.Debug|Any CPU.ActiveCfg = Debug|Any CPU
		{09E0FFBE-E7B7-4391-A176-1233811EF857}.Debug|Any CPU.Build.0 = Debug|Any CPU
		{09E0FFBE-E7B7-4391-A176-1233811EF857}.Debug|ARM.ActiveCfg = Debug|Any CPU
		{09E0FFBE-E7B7-4391-A176-1233811EF857}.Debug|ARM.Build.0 = Debug|Any CPU
		{09E0FFBE-E7B7-4391-A176-1233811EF857}.Debug|ARM64.ActiveCfg = Debug|Any CPU
		{09E0FFBE-E7B7-4391-A176-1233811EF857}.Debug|ARM64.Build.0 = Debug|Any CPU
		{09E0FFBE-E7B7-4391-A176-1233811EF857}.Debug|Mixed Platforms.ActiveCfg = Debug|Any CPU
		{09E0FFBE-E7B7-4391-A176-1233811EF857}.Debug|Mixed Platforms.Build.0 = Debug|Any CPU
		{09E0FFBE-E7B7-4391-A176-1233811EF857}.Debug|x64.ActiveCfg = Debug|Any CPU
		{09E0FFBE-E7B7-4391-A176-1233811EF857}.Debug|x64.Build.0 = Debug|Any CPU
		{09E0FFBE-E7B7-4391-A176-1233811EF857}.Debug|x86.ActiveCfg = Debug|Any CPU
		{09E0FFBE-E7B7-4391-A176-1233811EF857}.Debug|x86.Build.0 = Debug|Any CPU
		{09E0FFBE-E7B7-4391-A176-1233811EF857}.Release|.NET.ActiveCfg = Release|Any CPU
		{09E0FFBE-E7B7-4391-A176-1233811EF857}.Release|.NET.Build.0 = Release|Any CPU
		{09E0FFBE-E7B7-4391-A176-1233811EF857}.Release|Any CPU.ActiveCfg = Release|Any CPU
		{09E0FFBE-E7B7-4391-A176-1233811EF857}.Release|Any CPU.Build.0 = Release|Any CPU
		{09E0FFBE-E7B7-4391-A176-1233811EF857}.Release|ARM.ActiveCfg = Release|Any CPU
		{09E0FFBE-E7B7-4391-A176-1233811EF857}.Release|ARM.Build.0 = Release|Any CPU
		{09E0FFBE-E7B7-4391-A176-1233811EF857}.Release|ARM64.ActiveCfg = Release|Any CPU
		{09E0FFBE-E7B7-4391-A176-1233811EF857}.Release|ARM64.Build.0 = Release|Any CPU
		{09E0FFBE-E7B7-4391-A176-1233811EF857}.Release|Mixed Platforms.ActiveCfg = Release|Any CPU
		{09E0FFBE-E7B7-4391-A176-1233811EF857}.Release|Mixed Platforms.Build.0 = Release|Any CPU
		{09E0FFBE-E7B7-4391-A176-1233811EF857}.Release|x64.ActiveCfg = Release|Any CPU
		{09E0FFBE-E7B7-4391-A176-1233811EF857}.Release|x64.Build.0 = Release|Any CPU
		{09E0FFBE-E7B7-4391-A176-1233811EF857}.Release|x86.ActiveCfg = Release|Any CPU
		{09E0FFBE-E7B7-4391-A176-1233811EF857}.Release|x86.Build.0 = Release|Any CPU
		{948D0D10-E065-4F47-B386-CA4B41966B1E}.Debug|.NET.ActiveCfg = Debug|Any CPU
		{948D0D10-E065-4F47-B386-CA4B41966B1E}.Debug|.NET.Build.0 = Debug|Any CPU
		{948D0D10-E065-4F47-B386-CA4B41966B1E}.Debug|Any CPU.ActiveCfg = Debug|Any CPU
		{948D0D10-E065-4F47-B386-CA4B41966B1E}.Debug|Any CPU.Build.0 = Debug|Any CPU
		{948D0D10-E065-4F47-B386-CA4B41966B1E}.Debug|ARM.ActiveCfg = Debug|Any CPU
		{948D0D10-E065-4F47-B386-CA4B41966B1E}.Debug|ARM.Build.0 = Debug|Any CPU
		{948D0D10-E065-4F47-B386-CA4B41966B1E}.Debug|ARM64.ActiveCfg = Debug|Any CPU
		{948D0D10-E065-4F47-B386-CA4B41966B1E}.Debug|ARM64.Build.0 = Debug|Any CPU
		{948D0D10-E065-4F47-B386-CA4B41966B1E}.Debug|Mixed Platforms.ActiveCfg = Debug|Any CPU
		{948D0D10-E065-4F47-B386-CA4B41966B1E}.Debug|Mixed Platforms.Build.0 = Debug|Any CPU
		{948D0D10-E065-4F47-B386-CA4B41966B1E}.Debug|x64.ActiveCfg = Debug|Any CPU
		{948D0D10-E065-4F47-B386-CA4B41966B1E}.Debug|x64.Build.0 = Debug|Any CPU
		{948D0D10-E065-4F47-B386-CA4B41966B1E}.Debug|x86.ActiveCfg = Debug|Any CPU
		{948D0D10-E065-4F47-B386-CA4B41966B1E}.Debug|x86.Build.0 = Debug|Any CPU
		{948D0D10-E065-4F47-B386-CA4B41966B1E}.Release|.NET.ActiveCfg = Release|Any CPU
		{948D0D10-E065-4F47-B386-CA4B41966B1E}.Release|.NET.Build.0 = Release|Any CPU
		{948D0D10-E065-4F47-B386-CA4B41966B1E}.Release|Any CPU.ActiveCfg = Release|Any CPU
		{948D0D10-E065-4F47-B386-CA4B41966B1E}.Release|Any CPU.Build.0 = Release|Any CPU
		{948D0D10-E065-4F47-B386-CA4B41966B1E}.Release|ARM.ActiveCfg = Release|Any CPU
		{948D0D10-E065-4F47-B386-CA4B41966B1E}.Release|ARM.Build.0 = Release|Any CPU
		{948D0D10-E065-4F47-B386-CA4B41966B1E}.Release|ARM64.ActiveCfg = Release|Any CPU
		{948D0D10-E065-4F47-B386-CA4B41966B1E}.Release|ARM64.Build.0 = Release|Any CPU
		{948D0D10-E065-4F47-B386-CA4B41966B1E}.Release|Mixed Platforms.ActiveCfg = Release|Any CPU
		{948D0D10-E065-4F47-B386-CA4B41966B1E}.Release|Mixed Platforms.Build.0 = Release|Any CPU
		{948D0D10-E065-4F47-B386-CA4B41966B1E}.Release|x64.ActiveCfg = Release|Any CPU
		{948D0D10-E065-4F47-B386-CA4B41966B1E}.Release|x64.Build.0 = Release|Any CPU
		{948D0D10-E065-4F47-B386-CA4B41966B1E}.Release|x86.ActiveCfg = Release|Any CPU
		{948D0D10-E065-4F47-B386-CA4B41966B1E}.Release|x86.Build.0 = Release|Any CPU
		{A4A7B8EE-F496-4367-9486-B328584163F4}.Debug|.NET.ActiveCfg = Debug|Any CPU
		{A4A7B8EE-F496-4367-9486-B328584163F4}.Debug|.NET.Build.0 = Debug|Any CPU
		{A4A7B8EE-F496-4367-9486-B328584163F4}.Debug|Any CPU.ActiveCfg = Debug|Any CPU
		{A4A7B8EE-F496-4367-9486-B328584163F4}.Debug|Any CPU.Build.0 = Debug|Any CPU
		{A4A7B8EE-F496-4367-9486-B328584163F4}.Debug|ARM.ActiveCfg = Debug|Any CPU
		{A4A7B8EE-F496-4367-9486-B328584163F4}.Debug|ARM.Build.0 = Debug|Any CPU
		{A4A7B8EE-F496-4367-9486-B328584163F4}.Debug|ARM64.ActiveCfg = Debug|Any CPU
		{A4A7B8EE-F496-4367-9486-B328584163F4}.Debug|ARM64.Build.0 = Debug|Any CPU
		{A4A7B8EE-F496-4367-9486-B328584163F4}.Debug|Mixed Platforms.ActiveCfg = Debug|Any CPU
		{A4A7B8EE-F496-4367-9486-B328584163F4}.Debug|Mixed Platforms.Build.0 = Debug|Any CPU
		{A4A7B8EE-F496-4367-9486-B328584163F4}.Debug|x64.ActiveCfg = Debug|Any CPU
		{A4A7B8EE-F496-4367-9486-B328584163F4}.Debug|x64.Build.0 = Debug|Any CPU
		{A4A7B8EE-F496-4367-9486-B328584163F4}.Debug|x86.ActiveCfg = Debug|Any CPU
		{A4A7B8EE-F496-4367-9486-B328584163F4}.Debug|x86.Build.0 = Debug|Any CPU
		{A4A7B8EE-F496-4367-9486-B328584163F4}.Release|.NET.ActiveCfg = Release|Any CPU
		{A4A7B8EE-F496-4367-9486-B328584163F4}.Release|.NET.Build.0 = Release|Any CPU
		{A4A7B8EE-F496-4367-9486-B328584163F4}.Release|Any CPU.ActiveCfg = Release|Any CPU
		{A4A7B8EE-F496-4367-9486-B328584163F4}.Release|Any CPU.Build.0 = Release|Any CPU
		{A4A7B8EE-F496-4367-9486-B328584163F4}.Release|ARM.ActiveCfg = Release|Any CPU
		{A4A7B8EE-F496-4367-9486-B328584163F4}.Release|ARM.Build.0 = Release|Any CPU
		{A4A7B8EE-F496-4367-9486-B328584163F4}.Release|ARM64.ActiveCfg = Release|Any CPU
		{A4A7B8EE-F496-4367-9486-B328584163F4}.Release|ARM64.Build.0 = Release|Any CPU
		{A4A7B8EE-F496-4367-9486-B328584163F4}.Release|Mixed Platforms.ActiveCfg = Release|Any CPU
		{A4A7B8EE-F496-4367-9486-B328584163F4}.Release|Mixed Platforms.Build.0 = Release|Any CPU
		{A4A7B8EE-F496-4367-9486-B328584163F4}.Release|x64.ActiveCfg = Release|Any CPU
		{A4A7B8EE-F496-4367-9486-B328584163F4}.Release|x64.Build.0 = Release|Any CPU
		{A4A7B8EE-F496-4367-9486-B328584163F4}.Release|x86.ActiveCfg = Release|Any CPU
		{A4A7B8EE-F496-4367-9486-B328584163F4}.Release|x86.Build.0 = Release|Any CPU
		{5680D79B-8EE3-42A4-8EC7-666C560D207C}.Debug|.NET.ActiveCfg = Debug|Any CPU
		{5680D79B-8EE3-42A4-8EC7-666C560D207C}.Debug|.NET.Build.0 = Debug|Any CPU
		{5680D79B-8EE3-42A4-8EC7-666C560D207C}.Debug|Any CPU.ActiveCfg = Debug|Any CPU
		{5680D79B-8EE3-42A4-8EC7-666C560D207C}.Debug|Any CPU.Build.0 = Debug|Any CPU
		{5680D79B-8EE3-42A4-8EC7-666C560D207C}.Debug|ARM.ActiveCfg = Debug|Any CPU
		{5680D79B-8EE3-42A4-8EC7-666C560D207C}.Debug|ARM.Build.0 = Debug|Any CPU
		{5680D79B-8EE3-42A4-8EC7-666C560D207C}.Debug|ARM64.ActiveCfg = Debug|Any CPU
		{5680D79B-8EE3-42A4-8EC7-666C560D207C}.Debug|ARM64.Build.0 = Debug|Any CPU
		{5680D79B-8EE3-42A4-8EC7-666C560D207C}.Debug|Mixed Platforms.ActiveCfg = Debug|Any CPU
		{5680D79B-8EE3-42A4-8EC7-666C560D207C}.Debug|Mixed Platforms.Build.0 = Debug|Any CPU
		{5680D79B-8EE3-42A4-8EC7-666C560D207C}.Debug|x64.ActiveCfg = Debug|Any CPU
		{5680D79B-8EE3-42A4-8EC7-666C560D207C}.Debug|x64.Build.0 = Debug|Any CPU
		{5680D79B-8EE3-42A4-8EC7-666C560D207C}.Debug|x86.ActiveCfg = Debug|Any CPU
		{5680D79B-8EE3-42A4-8EC7-666C560D207C}.Debug|x86.Build.0 = Debug|Any CPU
		{5680D79B-8EE3-42A4-8EC7-666C560D207C}.Release|.NET.ActiveCfg = Release|Any CPU
		{5680D79B-8EE3-42A4-8EC7-666C560D207C}.Release|.NET.Build.0 = Release|Any CPU
		{5680D79B-8EE3-42A4-8EC7-666C560D207C}.Release|Any CPU.ActiveCfg = Release|Any CPU
		{5680D79B-8EE3-42A4-8EC7-666C560D207C}.Release|Any CPU.Build.0 = Release|Any CPU
		{5680D79B-8EE3-42A4-8EC7-666C560D207C}.Release|ARM.ActiveCfg = Release|Any CPU
		{5680D79B-8EE3-42A4-8EC7-666C560D207C}.Release|ARM.Build.0 = Release|Any CPU
		{5680D79B-8EE3-42A4-8EC7-666C560D207C}.Release|ARM64.ActiveCfg = Release|Any CPU
		{5680D79B-8EE3-42A4-8EC7-666C560D207C}.Release|ARM64.Build.0 = Release|Any CPU
		{5680D79B-8EE3-42A4-8EC7-666C560D207C}.Release|Mixed Platforms.ActiveCfg = Release|Any CPU
		{5680D79B-8EE3-42A4-8EC7-666C560D207C}.Release|Mixed Platforms.Build.0 = Release|Any CPU
		{5680D79B-8EE3-42A4-8EC7-666C560D207C}.Release|x64.ActiveCfg = Release|Any CPU
		{5680D79B-8EE3-42A4-8EC7-666C560D207C}.Release|x64.Build.0 = Release|Any CPU
		{5680D79B-8EE3-42A4-8EC7-666C560D207C}.Release|x86.ActiveCfg = Release|Any CPU
		{5680D79B-8EE3-42A4-8EC7-666C560D207C}.Release|x86.Build.0 = Release|Any CPU
		{8CCD3792-9AF2-4342-8C43-DDBAC8B8B0F2}.Debug|.NET.ActiveCfg = Debug|Any CPU
		{8CCD3792-9AF2-4342-8C43-DDBAC8B8B0F2}.Debug|.NET.Build.0 = Debug|Any CPU
		{8CCD3792-9AF2-4342-8C43-DDBAC8B8B0F2}.Debug|Any CPU.ActiveCfg = Debug|Any CPU
		{8CCD3792-9AF2-4342-8C43-DDBAC8B8B0F2}.Debug|Any CPU.Build.0 = Debug|Any CPU
		{8CCD3792-9AF2-4342-8C43-DDBAC8B8B0F2}.Debug|ARM.ActiveCfg = Debug|Any CPU
		{8CCD3792-9AF2-4342-8C43-DDBAC8B8B0F2}.Debug|ARM.Build.0 = Debug|Any CPU
		{8CCD3792-9AF2-4342-8C43-DDBAC8B8B0F2}.Debug|ARM64.ActiveCfg = Debug|Any CPU
		{8CCD3792-9AF2-4342-8C43-DDBAC8B8B0F2}.Debug|ARM64.Build.0 = Debug|Any CPU
		{8CCD3792-9AF2-4342-8C43-DDBAC8B8B0F2}.Debug|Mixed Platforms.ActiveCfg = Debug|Any CPU
		{8CCD3792-9AF2-4342-8C43-DDBAC8B8B0F2}.Debug|Mixed Platforms.Build.0 = Debug|Any CPU
		{8CCD3792-9AF2-4342-8C43-DDBAC8B8B0F2}.Debug|x64.ActiveCfg = Debug|Any CPU
		{8CCD3792-9AF2-4342-8C43-DDBAC8B8B0F2}.Debug|x64.Build.0 = Debug|Any CPU
		{8CCD3792-9AF2-4342-8C43-DDBAC8B8B0F2}.Debug|x86.ActiveCfg = Debug|Any CPU
		{8CCD3792-9AF2-4342-8C43-DDBAC8B8B0F2}.Debug|x86.Build.0 = Debug|Any CPU
		{8CCD3792-9AF2-4342-8C43-DDBAC8B8B0F2}.Release|.NET.ActiveCfg = Release|Any CPU
		{8CCD3792-9AF2-4342-8C43-DDBAC8B8B0F2}.Release|.NET.Build.0 = Release|Any CPU
		{8CCD3792-9AF2-4342-8C43-DDBAC8B8B0F2}.Release|Any CPU.ActiveCfg = Release|Any CPU
		{8CCD3792-9AF2-4342-8C43-DDBAC8B8B0F2}.Release|Any CPU.Build.0 = Release|Any CPU
		{8CCD3792-9AF2-4342-8C43-DDBAC8B8B0F2}.Release|ARM.ActiveCfg = Release|Any CPU
		{8CCD3792-9AF2-4342-8C43-DDBAC8B8B0F2}.Release|ARM.Build.0 = Release|Any CPU
		{8CCD3792-9AF2-4342-8C43-DDBAC8B8B0F2}.Release|ARM64.ActiveCfg = Release|Any CPU
		{8CCD3792-9AF2-4342-8C43-DDBAC8B8B0F2}.Release|ARM64.Build.0 = Release|Any CPU
		{8CCD3792-9AF2-4342-8C43-DDBAC8B8B0F2}.Release|Mixed Platforms.ActiveCfg = Release|Any CPU
		{8CCD3792-9AF2-4342-8C43-DDBAC8B8B0F2}.Release|Mixed Platforms.Build.0 = Release|Any CPU
		{8CCD3792-9AF2-4342-8C43-DDBAC8B8B0F2}.Release|x64.ActiveCfg = Release|Any CPU
		{8CCD3792-9AF2-4342-8C43-DDBAC8B8B0F2}.Release|x64.Build.0 = Release|Any CPU
		{8CCD3792-9AF2-4342-8C43-DDBAC8B8B0F2}.Release|x86.ActiveCfg = Release|Any CPU
		{8CCD3792-9AF2-4342-8C43-DDBAC8B8B0F2}.Release|x86.Build.0 = Release|Any CPU
		{6F39A70A-0594-4552-B777-F360BC2518AD}.Debug|.NET.ActiveCfg = Debug|x86
		{6F39A70A-0594-4552-B777-F360BC2518AD}.Debug|.NET.Build.0 = Debug|x86
		{6F39A70A-0594-4552-B777-F360BC2518AD}.Debug|Any CPU.ActiveCfg = Debug|x86
		{6F39A70A-0594-4552-B777-F360BC2518AD}.Debug|Any CPU.Build.0 = Debug|x86
		{6F39A70A-0594-4552-B777-F360BC2518AD}.Debug|ARM.ActiveCfg = Debug|x86
		{6F39A70A-0594-4552-B777-F360BC2518AD}.Debug|ARM.Build.0 = Debug|x86
		{6F39A70A-0594-4552-B777-F360BC2518AD}.Debug|ARM64.ActiveCfg = Debug|x86
		{6F39A70A-0594-4552-B777-F360BC2518AD}.Debug|ARM64.Build.0 = Debug|x86
		{6F39A70A-0594-4552-B777-F360BC2518AD}.Debug|Mixed Platforms.ActiveCfg = Debug|x86
		{6F39A70A-0594-4552-B777-F360BC2518AD}.Debug|Mixed Platforms.Build.0 = Debug|x86
		{6F39A70A-0594-4552-B777-F360BC2518AD}.Debug|x64.ActiveCfg = Debug|x86
		{6F39A70A-0594-4552-B777-F360BC2518AD}.Debug|x64.Build.0 = Debug|x86
		{6F39A70A-0594-4552-B777-F360BC2518AD}.Debug|x86.ActiveCfg = Debug|x86
		{6F39A70A-0594-4552-B777-F360BC2518AD}.Debug|x86.Build.0 = Debug|x86
		{6F39A70A-0594-4552-B777-F360BC2518AD}.Release|.NET.ActiveCfg = Release|x86
		{6F39A70A-0594-4552-B777-F360BC2518AD}.Release|.NET.Build.0 = Release|x86
		{6F39A70A-0594-4552-B777-F360BC2518AD}.Release|Any CPU.ActiveCfg = Release|x86
		{6F39A70A-0594-4552-B777-F360BC2518AD}.Release|Any CPU.Build.0 = Release|x86
		{6F39A70A-0594-4552-B777-F360BC2518AD}.Release|ARM.ActiveCfg = Release|x86
		{6F39A70A-0594-4552-B777-F360BC2518AD}.Release|ARM.Build.0 = Release|x86
		{6F39A70A-0594-4552-B777-F360BC2518AD}.Release|ARM64.ActiveCfg = Release|x86
		{6F39A70A-0594-4552-B777-F360BC2518AD}.Release|ARM64.Build.0 = Release|x86
		{6F39A70A-0594-4552-B777-F360BC2518AD}.Release|Mixed Platforms.ActiveCfg = Release|x86
		{6F39A70A-0594-4552-B777-F360BC2518AD}.Release|Mixed Platforms.Build.0 = Release|x86
		{6F39A70A-0594-4552-B777-F360BC2518AD}.Release|x64.ActiveCfg = Release|x86
		{6F39A70A-0594-4552-B777-F360BC2518AD}.Release|x64.Build.0 = Release|x86
		{6F39A70A-0594-4552-B777-F360BC2518AD}.Release|x86.ActiveCfg = Release|x86
		{6F39A70A-0594-4552-B777-F360BC2518AD}.Release|x86.Build.0 = Release|x86
		{54B6D13E-6D0E-405D-9B2D-1C69721F476D}.Debug|.NET.ActiveCfg = Debug|Any CPU
		{54B6D13E-6D0E-405D-9B2D-1C69721F476D}.Debug|.NET.Build.0 = Debug|Any CPU
		{54B6D13E-6D0E-405D-9B2D-1C69721F476D}.Debug|Any CPU.ActiveCfg = Debug|Any CPU
		{54B6D13E-6D0E-405D-9B2D-1C69721F476D}.Debug|Any CPU.Build.0 = Debug|Any CPU
		{54B6D13E-6D0E-405D-9B2D-1C69721F476D}.Debug|ARM.ActiveCfg = Debug|Any CPU
		{54B6D13E-6D0E-405D-9B2D-1C69721F476D}.Debug|ARM.Build.0 = Debug|Any CPU
		{54B6D13E-6D0E-405D-9B2D-1C69721F476D}.Debug|ARM64.ActiveCfg = Debug|Any CPU
		{54B6D13E-6D0E-405D-9B2D-1C69721F476D}.Debug|ARM64.Build.0 = Debug|Any CPU
		{54B6D13E-6D0E-405D-9B2D-1C69721F476D}.Debug|Mixed Platforms.ActiveCfg = Debug|Any CPU
		{54B6D13E-6D0E-405D-9B2D-1C69721F476D}.Debug|Mixed Platforms.Build.0 = Debug|Any CPU
		{54B6D13E-6D0E-405D-9B2D-1C69721F476D}.Debug|x64.ActiveCfg = Debug|Any CPU
		{54B6D13E-6D0E-405D-9B2D-1C69721F476D}.Debug|x64.Build.0 = Debug|Any CPU
		{54B6D13E-6D0E-405D-9B2D-1C69721F476D}.Debug|x86.ActiveCfg = Debug|Any CPU
		{54B6D13E-6D0E-405D-9B2D-1C69721F476D}.Debug|x86.Build.0 = Debug|Any CPU
		{54B6D13E-6D0E-405D-9B2D-1C69721F476D}.Release|.NET.ActiveCfg = Release|Any CPU
		{54B6D13E-6D0E-405D-9B2D-1C69721F476D}.Release|.NET.Build.0 = Release|Any CPU
		{54B6D13E-6D0E-405D-9B2D-1C69721F476D}.Release|Any CPU.ActiveCfg = Release|Any CPU
		{54B6D13E-6D0E-405D-9B2D-1C69721F476D}.Release|Any CPU.Build.0 = Release|Any CPU
		{54B6D13E-6D0E-405D-9B2D-1C69721F476D}.Release|ARM.ActiveCfg = Release|Any CPU
		{54B6D13E-6D0E-405D-9B2D-1C69721F476D}.Release|ARM.Build.0 = Release|Any CPU
		{54B6D13E-6D0E-405D-9B2D-1C69721F476D}.Release|ARM64.ActiveCfg = Release|Any CPU
		{54B6D13E-6D0E-405D-9B2D-1C69721F476D}.Release|ARM64.Build.0 = Release|Any CPU
		{54B6D13E-6D0E-405D-9B2D-1C69721F476D}.Release|Mixed Platforms.ActiveCfg = Release|Any CPU
		{54B6D13E-6D0E-405D-9B2D-1C69721F476D}.Release|Mixed Platforms.Build.0 = Release|Any CPU
		{54B6D13E-6D0E-405D-9B2D-1C69721F476D}.Release|x64.ActiveCfg = Release|Any CPU
		{54B6D13E-6D0E-405D-9B2D-1C69721F476D}.Release|x64.Build.0 = Release|Any CPU
		{54B6D13E-6D0E-405D-9B2D-1C69721F476D}.Release|x86.ActiveCfg = Release|Any CPU
		{54B6D13E-6D0E-405D-9B2D-1C69721F476D}.Release|x86.Build.0 = Release|Any CPU
		{337B2805-086C-403A-8570-A61950AD2460}.Debug|.NET.ActiveCfg = Debug|Any CPU
		{337B2805-086C-403A-8570-A61950AD2460}.Debug|.NET.Build.0 = Debug|Any CPU
		{337B2805-086C-403A-8570-A61950AD2460}.Debug|Any CPU.ActiveCfg = Debug|Any CPU
		{337B2805-086C-403A-8570-A61950AD2460}.Debug|Any CPU.Build.0 = Debug|Any CPU
		{337B2805-086C-403A-8570-A61950AD2460}.Debug|ARM.ActiveCfg = Debug|Any CPU
		{337B2805-086C-403A-8570-A61950AD2460}.Debug|ARM.Build.0 = Debug|Any CPU
		{337B2805-086C-403A-8570-A61950AD2460}.Debug|ARM64.ActiveCfg = Debug|Any CPU
		{337B2805-086C-403A-8570-A61950AD2460}.Debug|ARM64.Build.0 = Debug|Any CPU
		{337B2805-086C-403A-8570-A61950AD2460}.Debug|Mixed Platforms.ActiveCfg = Debug|Any CPU
		{337B2805-086C-403A-8570-A61950AD2460}.Debug|Mixed Platforms.Build.0 = Debug|Any CPU
		{337B2805-086C-403A-8570-A61950AD2460}.Debug|x64.ActiveCfg = Debug|Any CPU
		{337B2805-086C-403A-8570-A61950AD2460}.Debug|x64.Build.0 = Debug|Any CPU
		{337B2805-086C-403A-8570-A61950AD2460}.Debug|x86.ActiveCfg = Debug|Any CPU
		{337B2805-086C-403A-8570-A61950AD2460}.Debug|x86.Build.0 = Debug|Any CPU
		{337B2805-086C-403A-8570-A61950AD2460}.Release|.NET.ActiveCfg = Release|Any CPU
		{337B2805-086C-403A-8570-A61950AD2460}.Release|.NET.Build.0 = Release|Any CPU
		{337B2805-086C-403A-8570-A61950AD2460}.Release|Any CPU.ActiveCfg = Release|Any CPU
		{337B2805-086C-403A-8570-A61950AD2460}.Release|Any CPU.Build.0 = Release|Any CPU
		{337B2805-086C-403A-8570-A61950AD2460}.Release|ARM.ActiveCfg = Release|Any CPU
		{337B2805-086C-403A-8570-A61950AD2460}.Release|ARM.Build.0 = Release|Any CPU
		{337B2805-086C-403A-8570-A61950AD2460}.Release|ARM64.ActiveCfg = Release|Any CPU
		{337B2805-086C-403A-8570-A61950AD2460}.Release|ARM64.Build.0 = Release|Any CPU
		{337B2805-086C-403A-8570-A61950AD2460}.Release|Mixed Platforms.ActiveCfg = Release|Any CPU
		{337B2805-086C-403A-8570-A61950AD2460}.Release|Mixed Platforms.Build.0 = Release|Any CPU
		{337B2805-086C-403A-8570-A61950AD2460}.Release|x64.ActiveCfg = Release|Any CPU
		{337B2805-086C-403A-8570-A61950AD2460}.Release|x64.Build.0 = Release|Any CPU
		{337B2805-086C-403A-8570-A61950AD2460}.Release|x86.ActiveCfg = Release|Any CPU
		{337B2805-086C-403A-8570-A61950AD2460}.Release|x86.Build.0 = Release|Any CPU
	EndGlobalSection
	GlobalSection(SolutionProperties) = preSolution
		HideSolutionNode = FALSE
	EndGlobalSection
	GlobalSection(NestedProjects) = preSolution
		{C0FAEA1D-8832-4A98-9E46-EB23794D1F39} = {121A6BDE-B572-46ED-8D7A-73EE2E2CED42}
		{FA9EA14C-2600-4B74-80A7-FC0CD5AEED94} = {5DD3B83B-E310-4BB8-970C-AB683C42F937}
		{1095E4F9-B52F-414B-89DE-41B81211A72D} = {DEDA1A87-D358-46B1-903C-52B8F9A396A1}
		{5DE8E2B4-6932-4F71-BAC7-87221670C657} = {DEDA1A87-D358-46B1-903C-52B8F9A396A1}
		{5D01006B-50AF-4DBD-AA5F-42321F5E304A} = {DEDA1A87-D358-46B1-903C-52B8F9A396A1}
		{624E3375-914A-424A-937E-CD717847C95E} = {5DD3B83B-E310-4BB8-970C-AB683C42F937}
		{BABCFA57-D8E6-49C6-B23F-2507445DF4E2} = {DEDA1A87-D358-46B1-903C-52B8F9A396A1}
		{7BC35A31-4B8C-46F4-9CDC-C630A7621087} = {DEDA1A87-D358-46B1-903C-52B8F9A396A1}
		{139398F1-DF8C-4C3D-92D2-52FE18C35D73} = {5DD3B83B-E310-4BB8-970C-AB683C42F937}
		{E6C9C5C2-A665-41FB-9FA8-9295BB2A4AA9} = {3453F6D2-EE01-4425-8E68-21AB9A8FD979}
		{959EA755-9B59-4873-96BC-06B2236B5503} = {3453F6D2-EE01-4425-8E68-21AB9A8FD979}
		{876EDADE-754A-48B4-9E5C-37EA7B9E684C} = {DEDA1A87-D358-46B1-903C-52B8F9A396A1}
		{37210A3C-EE22-421C-BB5C-FB3AAFBA4345} = {DEDA1A87-D358-46B1-903C-52B8F9A396A1}
		{09E0FFBE-E7B7-4391-A176-1233811EF857} = {DEDA1A87-D358-46B1-903C-52B8F9A396A1}
		{948D0D10-E065-4F47-B386-CA4B41966B1E} = {DEDA1A87-D358-46B1-903C-52B8F9A396A1}
		{A4A7B8EE-F496-4367-9486-B328584163F4} = {9B44EC64-5A29-4F5C-A7CD-C2559E9F57FC}
		{5680D79B-8EE3-42A4-8EC7-666C560D207C} = {5DD3B83B-E310-4BB8-970C-AB683C42F937}
		{8CCD3792-9AF2-4342-8C43-DDBAC8B8B0F2} = {5DD3B83B-E310-4BB8-970C-AB683C42F937}
		{6F39A70A-0594-4552-B777-F360BC2518AD} = {27632906-1FB6-43E2-A3BB-37E762CFF003}
		{54B6D13E-6D0E-405D-9B2D-1C69721F476D} = {27632906-1FB6-43E2-A3BB-37E762CFF003}
		{337B2805-086C-403A-8570-A61950AD2460} = {9B44EC64-5A29-4F5C-A7CD-C2559E9F57FC}
	EndGlobalSection
	GlobalSection(ExtensibilityGlobals) = postSolution
		SolutionGuid = {572A524B-F8C2-4E52-A560-AEC6221E2A0A}
	EndGlobalSection
EndGlobal
