
Microsoft Visual Studio Solution File, Format Version 12.00
# Visual Studio Version 17
VisualStudioVersion = 17.0.31912.275
MinimumVisualStudioVersion = 10.0.40219.1
Project("{2150E333-8FDC-42A3-9474-1A3956D46DE8}") = "WebApi", "WebApi", "{B8B36AED-A80C-4F0B-988D-9105408BDE4F}"
EndProject
Project("{2150E333-8FDC-42A3-9474-1A3956D46DE8}") = "WebSite", "WebSite", "{DD3FC258-B80E-44DC-BE46-ADDFD6ACF57A}"
EndProject
Project("{2150E333-8FDC-42A3-9474-1A3956D46DE8}") = "BaseCLass", "BaseCLass", "{E7BCD615-3B31-474B-AA75-ECB2021154B8}"
EndProject
Project("{FAE04EC0-301F-11D3-BF4B-00C04F79EFBC}") = "ExamLib_Base", "ExamLib_Base\ExamLib_Base.csproj", "{3EBFA5EE-A215-47FA-9A3C-CC419FFE5F67}"
EndProject
Project("{FAE04EC0-301F-11D3-BF4B-00C04F79EFBC}") = "ExamLibEntity", "ExamLib_Entity\ExamLibEntity.csproj", "{D2EB2243-81F1-4135-A440-A4FC558CD922}"
EndProject
Project("{FAE04EC0-301F-11D3-BF4B-00C04F79EFBC}") = "ExamLibDal", "ExamLib_Dal\ExamLibDal.csproj", "{859CC6C4-23BE-46B7-B0A6-EED259AAAF3C}"
EndProject
Project("{FAE04EC0-301F-11D3-BF4B-00C04F79EFBC}") = "ExamLibBll", "ExamLib_Bll\ExamLibBll.csproj", "{BF93421C-41E1-4A67-AE31-BDFCAC272B4E}"
EndProject
Project("{9A19103F-16F7-4668-BE54-9A1E7A4F7556}") = "ExamLibApiV2", "ExamLibApiV2\ExamLibApiV2.csproj", "{A3EFBFF5-7C10-4ACC-A240-39C689D6B862}"
EndProject
Project("{9A19103F-16F7-4668-BE54-9A1E7A4F7556}") = "GraduateStudyAspCoreV2", "GraduateStudyAspCoreV2\GraduateStudyAspCoreV2.csproj", "{DE329FED-BEE1-49D6-8053-572F15CE6041}"
EndProject
Global
	GlobalSection(SolutionConfigurationPlatforms) = preSolution
		Debug|Any CPU = Debug|Any CPU
		Debug|x86 = Debug|x86
		Release|Any CPU = Release|Any CPU
		Release|x86 = Release|x86
	EndGlobalSection
	GlobalSection(ProjectConfigurationPlatforms) = postSolution
		{3EBFA5EE-A215-47FA-9A3C-CC419FFE5F67}.Debug|Any CPU.ActiveCfg = Debug|Any CPU
		{3EBFA5EE-A215-47FA-9A3C-CC419FFE5F67}.Debug|Any CPU.Build.0 = Debug|Any CPU
		{3EBFA5EE-A215-47FA-9A3C-CC419FFE5F67}.Debug|x86.ActiveCfg = Debug|x86
		{3EBFA5EE-A215-47FA-9A3C-CC419FFE5F67}.Debug|x86.Build.0 = Debug|x86
		{3EBFA5EE-A215-47FA-9A3C-CC419FFE5F67}.Release|Any CPU.ActiveCfg = Release|Any CPU
		{3EBFA5EE-A215-47FA-9A3C-CC419FFE5F67}.Release|Any CPU.Build.0 = Release|Any CPU
		{3EBFA5EE-A215-47FA-9A3C-CC419FFE5F67}.Release|x86.ActiveCfg = Release|x86
		{3EBFA5EE-A215-47FA-9A3C-CC419FFE5F67}.Release|x86.Build.0 = Release|x86
		{D2EB2243-81F1-4135-A440-A4FC558CD922}.Debug|Any CPU.ActiveCfg = Debug|Any CPU
		{D2EB2243-81F1-4135-A440-A4FC558CD922}.Debug|Any CPU.Build.0 = Debug|Any CPU
		{D2EB2243-81F1-4135-A440-A4FC558CD922}.Debug|x86.ActiveCfg = Debug|Any CPU
		{D2EB2243-81F1-4135-A440-A4FC558CD922}.Debug|x86.Build.0 = Debug|Any CPU
		{D2EB2243-81F1-4135-A440-A4FC558CD922}.Release|Any CPU.ActiveCfg = Release|Any CPU
		{D2EB2243-81F1-4135-A440-A4FC558CD922}.Release|Any CPU.Build.0 = Release|Any CPU
		{D2EB2243-81F1-4135-A440-A4FC558CD922}.Release|x86.ActiveCfg = Release|Any CPU
		{D2EB2243-81F1-4135-A440-A4FC558CD922}.Release|x86.Build.0 = Release|Any CPU
		{859CC6C4-23BE-46B7-B0A6-EED259AAAF3C}.Debug|Any CPU.ActiveCfg = Debug|Any CPU
		{859CC6C4-23BE-46B7-B0A6-EED259AAAF3C}.Debug|Any CPU.Build.0 = Debug|Any CPU
		{859CC6C4-23BE-46B7-B0A6-EED259AAAF3C}.Debug|x86.ActiveCfg = Debug|Any CPU
		{859CC6C4-23BE-46B7-B0A6-EED259AAAF3C}.Debug|x86.Build.0 = Debug|Any CPU
		{859CC6C4-23BE-46B7-B0A6-EED259AAAF3C}.Release|Any CPU.ActiveCfg = Release|Any CPU
		{859CC6C4-23BE-46B7-B0A6-EED259AAAF3C}.Release|Any CPU.Build.0 = Release|Any CPU
		{859CC6C4-23BE-46B7-B0A6-EED259AAAF3C}.Release|x86.ActiveCfg = Release|Any CPU
		{859CC6C4-23BE-46B7-B0A6-EED259AAAF3C}.Release|x86.Build.0 = Release|Any CPU
		{BF93421C-41E1-4A67-AE31-BDFCAC272B4E}.Debug|Any CPU.ActiveCfg = Debug|Any CPU
		{BF93421C-41E1-4A67-AE31-BDFCAC272B4E}.Debug|Any CPU.Build.0 = Debug|Any CPU
		{BF93421C-41E1-4A67-AE31-BDFCAC272B4E}.Debug|x86.ActiveCfg = Debug|Any CPU
		{BF93421C-41E1-4A67-AE31-BDFCAC272B4E}.Debug|x86.Build.0 = Debug|Any CPU
		{BF93421C-41E1-4A67-AE31-BDFCAC272B4E}.Release|Any CPU.ActiveCfg = Release|Any CPU
		{BF93421C-41E1-4A67-AE31-BDFCAC272B4E}.Release|Any CPU.Build.0 = Release|Any CPU
		{BF93421C-41E1-4A67-AE31-BDFCAC272B4E}.Release|x86.ActiveCfg = Release|Any CPU
		{BF93421C-41E1-4A67-AE31-BDFCAC272B4E}.Release|x86.Build.0 = Release|Any CPU
		{A3EFBFF5-7C10-4ACC-A240-39C689D6B862}.Debug|Any CPU.ActiveCfg = Debug|Any CPU
		{A3EFBFF5-7C10-4ACC-A240-39C689D6B862}.Debug|Any CPU.Build.0 = Debug|Any CPU
		{A3EFBFF5-7C10-4ACC-A240-39C689D6B862}.Debug|x86.ActiveCfg = Debug|Any CPU
		{A3EFBFF5-7C10-4ACC-A240-39C689D6B862}.Debug|x86.Build.0 = Debug|Any CPU
		{A3EFBFF5-7C10-4ACC-A240-39C689D6B862}.Release|Any CPU.ActiveCfg = Release|Any CPU
		{A3EFBFF5-7C10-4ACC-A240-39C689D6B862}.Release|Any CPU.Build.0 = Release|Any CPU
		{A3EFBFF5-7C10-4ACC-A240-39C689D6B862}.Release|x86.ActiveCfg = Release|Any CPU
		{A3EFBFF5-7C10-4ACC-A240-39C689D6B862}.Release|x86.Build.0 = Release|Any CPU
		{DE329FED-BEE1-49D6-8053-572F15CE6041}.Debug|Any CPU.ActiveCfg = Debug|Any CPU
		{DE329FED-BEE1-49D6-8053-572F15CE6041}.Debug|Any CPU.Build.0 = Debug|Any CPU
		{DE329FED-BEE1-49D6-8053-572F15CE6041}.Debug|x86.ActiveCfg = Debug|Any CPU
		{DE329FED-BEE1-49D6-8053-572F15CE6041}.Debug|x86.Build.0 = Debug|Any CPU
		{DE329FED-BEE1-49D6-8053-572F15CE6041}.Release|Any CPU.ActiveCfg = Release|Any CPU
		{DE329FED-BEE1-49D6-8053-572F15CE6041}.Release|Any CPU.Build.0 = Release|Any CPU
		{DE329FED-BEE1-49D6-8053-572F15CE6041}.Release|x86.ActiveCfg = Release|Any CPU
		{DE329FED-BEE1-49D6-8053-572F15CE6041}.Release|x86.Build.0 = Release|Any CPU
	EndGlobalSection
	GlobalSection(SolutionProperties) = preSolution
		HideSolutionNode = FALSE
	EndGlobalSection
	GlobalSection(NestedProjects) = preSolution
		{3EBFA5EE-A215-47FA-9A3C-CC419FFE5F67} = {E7BCD615-3B31-474B-AA75-ECB2021154B8}
		{D2EB2243-81F1-4135-A440-A4FC558CD922} = {E7BCD615-3B31-474B-AA75-ECB2021154B8}
		{859CC6C4-23BE-46B7-B0A6-EED259AAAF3C} = {E7BCD615-3B31-474B-AA75-ECB2021154B8}
		{BF93421C-41E1-4A67-AE31-BDFCAC272B4E} = {E7BCD615-3B31-474B-AA75-ECB2021154B8}
		{A3EFBFF5-7C10-4ACC-A240-39C689D6B862} = {B8B36AED-A80C-4F0B-988D-9105408BDE4F}
		{DE329FED-BEE1-49D6-8053-572F15CE6041} = {DD3FC258-B80E-44DC-BE46-ADDFD6ACF57A}
	EndGlobalSection
	GlobalSection(ExtensibilityGlobals) = postSolution
		SolutionGuid = {6C8DC49E-B53A-425B-9E8F-4DA12C4BBCB1}
	EndGlobalSection
EndGlobal
