
Microsoft Visual Studio Solution File, Format Version 12.00
# Visual Studio 15
VisualStudioVersion = 15.0.28307.757
MinimumVisualStudioVersion = 10.0.40219.1
Project("{FAE04EC0-301F-11D3-BF4B-00C04F79EFBC}") = "PubDataBase", "PubDataBase.csproj", "{38984694-02CB-4857-BBA3-125582EEFB74}"
EndProject
Project("{FAE04EC0-301F-11D3-BF4B-00C04F79EFBC}") = "TzPubFunction", "..\TzPubFunction\TzPubFunction.csproj", "{0EC7669C-CBDF-4CBE-9B4E-6958E1B546FC}"
EndProject
Project("{FAE04EC0-301F-11D3-BF4B-00C04F79EFBC}") = "TestPubDataBase", "..\TestPubDataBase\TestPubDataBase.csproj", "{4066C105-6ED4-4648-B97A-0E2AA1B8CAE2}"
EndProject
Global
	GlobalSection(SolutionConfigurationPlatforms) = preSolution
		Debug|Any CPU = Debug|Any CPU
		Debug|Mixed Platforms = Debug|Mixed Platforms
		Debug|x86 = Debug|x86
		Release|Any CPU = Release|Any CPU
		Release|Mixed Platforms = Release|Mixed Platforms
		Release|x86 = Release|x86
	EndGlobalSection
	GlobalSection(ProjectConfigurationPlatforms) = postSolution
		{38984694-02CB-4857-BBA3-125582EEFB74}.Debug|Any CPU.ActiveCfg = Debug|Any CPU
		{38984694-02CB-4857-BBA3-125582EEFB74}.Debug|Any CPU.Build.0 = Debug|Any CPU
		{38984694-02CB-4857-BBA3-125582EEFB74}.Debug|Mixed Platforms.ActiveCfg = Debug|Any CPU
		{38984694-02CB-4857-BBA3-125582EEFB74}.Debug|Mixed Platforms.Build.0 = Debug|Any CPU
		{38984694-02CB-4857-BBA3-125582EEFB74}.Debug|x86.ActiveCfg = Debug|Any CPU
		{38984694-02CB-4857-BBA3-125582EEFB74}.Release|Any CPU.ActiveCfg = Release|Any CPU
		{38984694-02CB-4857-BBA3-125582EEFB74}.Release|Any CPU.Build.0 = Release|Any CPU
		{38984694-02CB-4857-BBA3-125582EEFB74}.Release|Mixed Platforms.ActiveCfg = Release|Any CPU
		{38984694-02CB-4857-BBA3-125582EEFB74}.Release|Mixed Platforms.Build.0 = Release|Any CPU
		{38984694-02CB-4857-BBA3-125582EEFB74}.Release|x86.ActiveCfg = Release|Any CPU
		{0EC7669C-CBDF-4CBE-9B4E-6958E1B546FC}.Debug|Any CPU.ActiveCfg = Debug|Any CPU
		{0EC7669C-CBDF-4CBE-9B4E-6958E1B546FC}.Debug|Any CPU.Build.0 = Debug|Any CPU
		{0EC7669C-CBDF-4CBE-9B4E-6958E1B546FC}.Debug|Mixed Platforms.ActiveCfg = Debug|Any CPU
		{0EC7669C-CBDF-4CBE-9B4E-6958E1B546FC}.Debug|Mixed Platforms.Build.0 = Debug|Any CPU
		{0EC7669C-CBDF-4CBE-9B4E-6958E1B546FC}.Debug|x86.ActiveCfg = Debug|Any CPU
		{0EC7669C-CBDF-4CBE-9B4E-6958E1B546FC}.Release|Any CPU.ActiveCfg = Release|Any CPU
		{0EC7669C-CBDF-4CBE-9B4E-6958E1B546FC}.Release|Any CPU.Build.0 = Release|Any CPU
		{0EC7669C-CBDF-4CBE-9B4E-6958E1B546FC}.Release|Mixed Platforms.ActiveCfg = Release|Any CPU
		{0EC7669C-CBDF-4CBE-9B4E-6958E1B546FC}.Release|Mixed Platforms.Build.0 = Release|Any CPU
		{0EC7669C-CBDF-4CBE-9B4E-6958E1B546FC}.Release|x86.ActiveCfg = Release|Any CPU
		{4066C105-6ED4-4648-B97A-0E2AA1B8CAE2}.Debug|Any CPU.ActiveCfg = Debug|x86
		{4066C105-6ED4-4648-B97A-0E2AA1B8CAE2}.Debug|Mixed Platforms.ActiveCfg = Debug|x86
		{4066C105-6ED4-4648-B97A-0E2AA1B8CAE2}.Debug|Mixed Platforms.Build.0 = Debug|x86
		{4066C105-6ED4-4648-B97A-0E2AA1B8CAE2}.Debug|x86.ActiveCfg = Debug|x86
		{4066C105-6ED4-4648-B97A-0E2AA1B8CAE2}.Debug|x86.Build.0 = Debug|x86
		{4066C105-6ED4-4648-B97A-0E2AA1B8CAE2}.Release|Any CPU.ActiveCfg = Release|x86
		{4066C105-6ED4-4648-B97A-0E2AA1B8CAE2}.Release|Mixed Platforms.ActiveCfg = Release|x86
		{4066C105-6ED4-4648-B97A-0E2AA1B8CAE2}.Release|Mixed Platforms.Build.0 = Release|x86
		{4066C105-6ED4-4648-B97A-0E2AA1B8CAE2}.Release|x86.ActiveCfg = Release|x86
		{4066C105-6ED4-4648-B97A-0E2AA1B8CAE2}.Release|x86.Build.0 = Release|x86
	EndGlobalSection
	GlobalSection(SolutionProperties) = preSolution
		HideSolutionNode = FALSE
	EndGlobalSection
	GlobalSection(ExtensibilityGlobals) = postSolution
		SolutionGuid = {D44A6BF9-ABC0-4264-B0C1-7578EDBDA584}
	EndGlobalSection
EndGlobal
